// !$*UTF8*$!
{
	archiveVersion = 1;
	classes = {
	};
	objectVersion = 50;
	objects = {

/* Begin PBXBuildFile section */
		46AA32D021212A28003AC495 /* AppDelegate.swift in Sources */ = {isa = PBXBuildFile; fileRef = 46AA32CF21212A28003AC495 /* AppDelegate.swift */; };
		46AA32D521212A28003AC495 /* Main.storyboard in Resources */ = {isa = PBXBuildFile; fileRef = 46AA32D321212A28003AC495 /* Main.storyboard */; };
		46AA32D721212A2A003AC495 /* Assets.xcassets in Resources */ = {isa = PBXBuildFile; fileRef = 46AA32D621212A2A003AC495 /* Assets.xcassets */; };
		46AA32DA21212A2A003AC495 /* LaunchScreen.storyboard in Resources */ = {isa = PBXBuildFile; fileRef = 46AA32D821212A2A003AC495 /* LaunchScreen.storyboard */; };
		46AA32E321212A86003AC495 /* JournalCoreData.xcdatamodeld in Sources */ = {isa = PBXBuildFile; fileRef = 46AA32E121212A86003AC495 /* JournalCoreData.xcdatamodeld */; };
		46AA32E521212C11003AC495 /* Entry+Convenience.swift in Sources */ = {isa = PBXBuildFile; fileRef = 46AA32E421212C11003AC495 /* Entry+Convenience.swift */; };
		46AA32E721212C78003AC495 /* CoreDataStack.swift in Sources */ = {isa = PBXBuildFile; fileRef = 46AA32E621212C78003AC495 /* CoreDataStack.swift */; };
		46AA32E921212CD3003AC495 /* EntryController.swift in Sources */ = {isa = PBXBuildFile; fileRef = 46AA32E821212CD3003AC495 /* EntryController.swift */; };
		46AA32EB21213150003AC495 /* EntriesTableViewController.swift in Sources */ = {isa = PBXBuildFile; fileRef = 46AA32EA21213150003AC495 /* EntriesTableViewController.swift */; };
		46AA32ED2121315F003AC495 /* EntryDetailViewController.swift in Sources */ = {isa = PBXBuildFile; fileRef = 46AA32EC2121315F003AC495 /* EntryDetailViewController.swift */; };
		46AA32EF21213184003AC495 /* EntryTableViewCell.swift in Sources */ = {isa = PBXBuildFile; fileRef = 46AA32EE21213184003AC495 /* EntryTableViewCell.swift */; };
		46AA32F121213236003AC495 /* TimestampFormatter.swift in Sources */ = {isa = PBXBuildFile; fileRef = 46AA32F021213236003AC495 /* TimestampFormatter.swift */; };
		D58D393823AACB460071AC62 /* EntryRepresentation.swift in Sources */ = {isa = PBXBuildFile; fileRef = D58D393723AACB460071AC62 /* EntryRepresentation.swift */; };
/* End PBXBuildFile section */

/* Begin PBXFileReference section */
		46AA32CC21212A28003AC495 /* JournalCoreData.app */ = {isa = PBXFileReference; explicitFileType = wrapper.application; includeInIndex = 0; path = JournalCoreData.app; sourceTree = BUILT_PRODUCTS_DIR; };
		46AA32CF21212A28003AC495 /* AppDelegate.swift */ = {isa = PBXFileReference; lastKnownFileType = sourcecode.swift; path = AppDelegate.swift; sourceTree = "<group>"; };
		46AA32D421212A28003AC495 /* Base */ = {isa = PBXFileReference; lastKnownFileType = file.storyboard; name = Base; path = Base.lproj/Main.storyboard; sourceTree = "<group>"; };
		46AA32D621212A2A003AC495 /* Assets.xcassets */ = {isa = PBXFileReference; lastKnownFileType = folder.assetcatalog; path = Assets.xcassets; sourceTree = "<group>"; };
		46AA32D921212A2A003AC495 /* Base */ = {isa = PBXFileReference; lastKnownFileType = file.storyboard; name = Base; path = Base.lproj/LaunchScreen.storyboard; sourceTree = "<group>"; };
		46AA32DB21212A2A003AC495 /* Info.plist */ = {isa = PBXFileReference; lastKnownFileType = text.plist.xml; path = Info.plist; sourceTree = "<group>"; };
		46AA32E221212A86003AC495 /* JournalCoreData.xcdatamodel */ = {isa = PBXFileReference; lastKnownFileType = wrapper.xcdatamodel; path = JournalCoreData.xcdatamodel; sourceTree = "<group>"; };
		46AA32E421212C11003AC495 /* Entry+Convenience.swift */ = {isa = PBXFileReference; lastKnownFileType = sourcecode.swift; path = "Entry+Convenience.swift"; sourceTree = "<group>"; };
		46AA32E621212C78003AC495 /* CoreDataStack.swift */ = {isa = PBXFileReference; lastKnownFileType = sourcecode.swift; path = CoreDataStack.swift; sourceTree = "<group>"; };
		46AA32E821212CD3003AC495 /* EntryController.swift */ = {isa = PBXFileReference; lastKnownFileType = sourcecode.swift; path = EntryController.swift; sourceTree = "<group>"; };
		46AA32EA21213150003AC495 /* EntriesTableViewController.swift */ = {isa = PBXFileReference; lastKnownFileType = sourcecode.swift; path = EntriesTableViewController.swift; sourceTree = "<group>"; };
		46AA32EC2121315F003AC495 /* EntryDetailViewController.swift */ = {isa = PBXFileReference; lastKnownFileType = sourcecode.swift; path = EntryDetailViewController.swift; sourceTree = "<group>"; };
		46AA32EE21213184003AC495 /* EntryTableViewCell.swift */ = {isa = PBXFileReference; lastKnownFileType = sourcecode.swift; path = EntryTableViewCell.swift; sourceTree = "<group>"; };
		46AA32F021213236003AC495 /* TimestampFormatter.swift */ = {isa = PBXFileReference; lastKnownFileType = sourcecode.swift; path = TimestampFormatter.swift; sourceTree = "<group>"; };
		D58D392D23A971D50071AC62 /* JournalCoreData 2.xcdatamodel */ = {isa = PBXFileReference; lastKnownFileType = wrapper.xcdatamodel; path = "JournalCoreData 2.xcdatamodel"; sourceTree = "<group>"; };
		D58D393723AACB460071AC62 /* EntryRepresentation.swift */ = {isa = PBXFileReference; lastKnownFileType = sourcecode.swift; path = EntryRepresentation.swift; sourceTree = "<group>"; };
/* End PBXFileReference section */

/* Begin PBXFrameworksBuildPhase section */
		46AA32C921212A28003AC495 /* Frameworks */ = {
			isa = PBXFrameworksBuildPhase;
			buildActionMask = 2147483647;
			files = (
			);
			runOnlyForDeploymentPostprocessing = 0;
		};
/* End PBXFrameworksBuildPhase section */

/* Begin PBXGroup section */
		46AA32C321212A28003AC495 = {
			isa = PBXGroup;
			children = (
				46AA32CE21212A28003AC495 /* JournalCoreData */,
				46AA32CD21212A28003AC495 /* Products */,
			);
			sourceTree = "<group>";
		};
		46AA32CD21212A28003AC495 /* Products */ = {
			isa = PBXGroup;
			children = (
				46AA32CC21212A28003AC495 /* JournalCoreData.app */,
			);
			name = Products;
			sourceTree = "<group>";
		};
		46AA32CE21212A28003AC495 /* JournalCoreData */ = {
			isa = PBXGroup;
			children = (
				46AA32F3212132A5003AC495 /* Models */,
				46AA32F22121329B003AC495 /* Model Controllers */,
				46AA32F5212132E8003AC495 /* Views */,
				46AA32F4212132AD003AC495 /* View Controllers */,
				46AA32F821213317003AC495 /* Storyboards */,
				46AA32F72121330D003AC495 /* Resources */,
			);
			path = JournalCoreData;
			sourceTree = "<group>";
		};
		46AA32F22121329B003AC495 /* Model Controllers */ = {
			isa = PBXGroup;
			children = (
				46AA32E821212CD3003AC495 /* EntryController.swift */,
			);
			path = "Model Controllers";
			sourceTree = "<group>";
		};
		46AA32F3212132A5003AC495 /* Models */ = {
			isa = PBXGroup;
			children = (
				46AA32E421212C11003AC495 /* Entry+Convenience.swift */,
				46AA32F6212132FF003AC495 /* Core Data */,
				D58D393723AACB460071AC62 /* EntryRepresentation.swift */,
			);
			path = Models;
			sourceTree = "<group>";
		};
		46AA32F4212132AD003AC495 /* View Controllers */ = {
			isa = PBXGroup;
			children = (
				46AA32EA21213150003AC495 /* EntriesTableViewController.swift */,
				46AA32EC2121315F003AC495 /* EntryDetailViewController.swift */,
			);
			path = "View Controllers";
			sourceTree = "<group>";
		};
		46AA32F5212132E8003AC495 /* Views */ = {
			isa = PBXGroup;
			children = (
				46AA32EE21213184003AC495 /* EntryTableViewCell.swift */,
			);
			path = Views;
			sourceTree = "<group>";
		};
		46AA32F6212132FF003AC495 /* Core Data */ = {
			isa = PBXGroup;
			children = (
				46AA32E621212C78003AC495 /* CoreDataStack.swift */,
				46AA32E121212A86003AC495 /* JournalCoreData.xcdatamodeld */,
			);
			path = "Core Data";
			sourceTree = "<group>";
		};
		46AA32F72121330D003AC495 /* Resources */ = {
			isa = PBXGroup;
			children = (
				46AA32CF21212A28003AC495 /* AppDelegate.swift */,
				46AA32F021213236003AC495 /* TimestampFormatter.swift */,
				46AA32D621212A2A003AC495 /* Assets.xcassets */,
				46AA32DB21212A2A003AC495 /* Info.plist */,
			);
			path = Resources;
			sourceTree = "<group>";
		};
		46AA32F821213317003AC495 /* Storyboards */ = {
			isa = PBXGroup;
			children = (
				46AA32D321212A28003AC495 /* Main.storyboard */,
				46AA32D821212A2A003AC495 /* LaunchScreen.storyboard */,
			);
			path = Storyboards;
			sourceTree = "<group>";
		};
/* End PBXGroup section */

/* Begin PBXNativeTarget section */
		46AA32CB21212A28003AC495 /* JournalCoreData */ = {
			isa = PBXNativeTarget;
			buildConfigurationList = 46AA32DE21212A2A003AC495 /* Build configuration list for PBXNativeTarget "JournalCoreData" */;
			buildPhases = (
				46AA32C821212A28003AC495 /* Sources */,
				46AA32C921212A28003AC495 /* Frameworks */,
				46AA32CA21212A28003AC495 /* Resources */,
			);
			buildRules = (
			);
			dependencies = (
			);
			name = JournalCoreData;
			productName = JournalCoreData;
			productReference = 46AA32CC21212A28003AC495 /* JournalCoreData.app */;
			productType = "com.apple.product-type.application";
		};
/* End PBXNativeTarget section */

/* Begin PBXProject section */
		46AA32C421212A28003AC495 /* Project object */ = {
			isa = PBXProject;
			attributes = {
				LastSwiftUpdateCheck = 0940;
				LastUpgradeCheck = 0940;
				ORGANIZATIONNAME = "Lambda School";
				TargetAttributes = {
					46AA32CB21212A28003AC495 = {
						CreatedOnToolsVersion = 9.4.1;
						LastSwiftMigration = 1020;
					};
				};
			};
			buildConfigurationList = 46AA32C721212A28003AC495 /* Build configuration list for PBXProject "JournalCoreData" */;
			compatibilityVersion = "Xcode 9.3";
			developmentRegion = en;
			hasScannedForEncodings = 0;
			knownRegions = (
				en,
				Base,
			);
			mainGroup = 46AA32C321212A28003AC495;
			productRefGroup = 46AA32CD21212A28003AC495 /* Products */;
			projectDirPath = "";
			projectRoot = "";
			targets = (
				46AA32CB21212A28003AC495 /* JournalCoreData */,
			);
		};
/* End PBXProject section */

/* Begin PBXResourcesBuildPhase section */
		46AA32CA21212A28003AC495 /* Resources */ = {
			isa = PBXResourcesBuildPhase;
			buildActionMask = 2147483647;
			files = (
				46AA32DA21212A2A003AC495 /* LaunchScreen.storyboard in Resources */,
				46AA32D721212A2A003AC495 /* Assets.xcassets in Resources */,
				46AA32D521212A28003AC495 /* Main.storyboard in Resources */,
			);
			runOnlyForDeploymentPostprocessing = 0;
		};
/* End PBXResourcesBuildPhase section */

/* Begin PBXSourcesBuildPhase section */
		46AA32C821212A28003AC495 /* Sources */ = {
			isa = PBXSourcesBuildPhase;
			buildActionMask = 2147483647;
			files = (
				46AA32EF21213184003AC495 /* EntryTableViewCell.swift in Sources */,
				D58D393823AACB460071AC62 /* EntryRepresentation.swift in Sources */,
				46AA32EB21213150003AC495 /* EntriesTableViewController.swift in Sources */,
				46AA32E321212A86003AC495 /* JournalCoreData.xcdatamodeld in Sources */,
				46AA32F121213236003AC495 /* TimestampFormatter.swift in Sources */,
				46AA32E521212C11003AC495 /* Entry+Convenience.swift in Sources */,
				46AA32E921212CD3003AC495 /* EntryController.swift in Sources */,
				46AA32D021212A28003AC495 /* AppDelegate.swift in Sources */,
				46AA32ED2121315F003AC495 /* EntryDetailViewController.swift in Sources */,
				46AA32E721212C78003AC495 /* CoreDataStack.swift in Sources */,
			);
			runOnlyForDeploymentPostprocessing = 0;
		};
/* End PBXSourcesBuildPhase section */

/* Begin PBXVariantGroup section */
		46AA32D321212A28003AC495 /* Main.storyboard */ = {
			isa = PBXVariantGroup;
			children = (
				46AA32D421212A28003AC495 /* Base */,
			);
			name = Main.storyboard;
			sourceTree = "<group>";
		};
		46AA32D821212A2A003AC495 /* LaunchScreen.storyboard */ = {
			isa = PBXVariantGroup;
			children = (
				46AA32D921212A2A003AC495 /* Base */,
			);
			name = LaunchScreen.storyboard;
			sourceTree = "<group>";
		};
/* End PBXVariantGroup section */

/* Begin XCBuildConfiguration section */
		46AA32DC21212A2A003AC495 /* Debug */ = {
			isa = XCBuildConfiguration;
			buildSettings = {
				ALWAYS_SEARCH_USER_PATHS = NO;
				CLANG_ANALYZER_NONNULL = YES;
				CLANG_ANALYZER_NUMBER_OBJECT_CONVERSION = YES_AGGRESSIVE;
				CLANG_CXX_LANGUAGE_STANDARD = "gnu++14";
				CLANG_CXX_LIBRARY = "libc++";
				CLANG_ENABLE_MODULES = YES;
				CLANG_ENABLE_OBJC_ARC = YES;
				CLANG_ENABLE_OBJC_WEAK = YES;
				CLANG_WARN_BLOCK_CAPTURE_AUTORELEASING = YES;
				CLANG_WARN_BOOL_CONVERSION = YES;
				CLANG_WARN_COMMA = YES;
				CLANG_WARN_CONSTANT_CONVERSION = YES;
				CLANG_WARN_DEPRECATED_OBJC_IMPLEMENTATIONS = YES;
				CLANG_WARN_DIRECT_OBJC_ISA_USAGE = YES_ERROR;
				CLANG_WARN_DOCUMENTATION_COMMENTS = YES;
				CLANG_WARN_EMPTY_BODY = YES;
				CLANG_WARN_ENUM_CONVERSION = YES;
				CLANG_WARN_INFINITE_RECURSION = YES;
				CLANG_WARN_INT_CONVERSION = YES;
				CLANG_WARN_NON_LITERAL_NULL_CONVERSION = YES;
				CLANG_WARN_OBJC_IMPLICIT_RETAIN_SELF = YES;
				CLANG_WARN_OBJC_LITERAL_CONVERSION = YES;
				CLANG_WARN_OBJC_ROOT_CLASS = YES_ERROR;
				CLANG_WARN_RANGE_LOOP_ANALYSIS = YES;
				CLANG_WARN_STRICT_PROTOTYPES = YES;
				CLANG_WARN_SUSPICIOUS_MOVE = YES;
				CLANG_WARN_UNGUARDED_AVAILABILITY = YES_AGGRESSIVE;
				CLANG_WARN_UNREACHABLE_CODE = YES;
				CLANG_WARN__DUPLICATE_METHOD_MATCH = YES;
				CODE_SIGN_IDENTITY = "iPhone Developer";
				COPY_PHASE_STRIP = NO;
				DEBUG_INFORMATION_FORMAT = dwarf;
				ENABLE_STRICT_OBJC_MSGSEND = YES;
				ENABLE_TESTABILITY = YES;
				GCC_C_LANGUAGE_STANDARD = gnu11;
				GCC_DYNAMIC_NO_PIC = NO;
				GCC_NO_COMMON_BLOCKS = YES;
				GCC_OPTIMIZATION_LEVEL = 0;
				GCC_PREPROCESSOR_DEFINITIONS = (
					"DEBUG=1",
					"$(inherited)",
				);
				GCC_WARN_64_TO_32_BIT_CONVERSION = YES;
				GCC_WARN_ABOUT_RETURN_TYPE = YES_ERROR;
				GCC_WARN_UNDECLARED_SELECTOR = YES;
				GCC_WARN_UNINITIALIZED_AUTOS = YES_AGGRESSIVE;
				GCC_WARN_UNUSED_FUNCTION = YES;
				GCC_WARN_UNUSED_VARIABLE = YES;
				IPHONEOS_DEPLOYMENT_TARGET = 11.4;
				MTL_ENABLE_DEBUG_INFO = YES;
				ONLY_ACTIVE_ARCH = YES;
				SDKROOT = iphoneos;
				SWIFT_ACTIVE_COMPILATION_CONDITIONS = DEBUG;
				SWIFT_OPTIMIZATION_LEVEL = "-Onone";
			};
			name = Debug;
		};
		46AA32DD21212A2A003AC495 /* Release */ = {
			isa = XCBuildConfiguration;
			buildSettings = {
				ALWAYS_SEARCH_USER_PATHS = NO;
				CLANG_ANALYZER_NONNULL = YES;
				CLANG_ANALYZER_NUMBER_OBJECT_CONVERSION = YES_AGGRESSIVE;
				CLANG_CXX_LANGUAGE_STANDARD = "gnu++14";
				CLANG_CXX_LIBRARY = "libc++";
				CLANG_ENABLE_MODULES = YES;
				CLANG_ENABLE_OBJC_ARC = YES;
				CLANG_ENABLE_OBJC_WEAK = YES;
				CLANG_WARN_BLOCK_CAPTURE_AUTORELEASING = YES;
				CLANG_WARN_BOOL_CONVERSION = YES;
				CLANG_WARN_COMMA = YES;
				CLANG_WARN_CONSTANT_CONVERSION = YES;
				CLANG_WARN_DEPRECATED_OBJC_IMPLEMENTATIONS = YES;
				CLANG_WARN_DIRECT_OBJC_ISA_USAGE = YES_ERROR;
				CLANG_WARN_DOCUMENTATION_COMMENTS = YES;
				CLANG_WARN_EMPTY_BODY = YES;
				CLANG_WARN_ENUM_CONVERSION = YES;
				CLANG_WARN_INFINITE_RECURSION = YES;
				CLANG_WARN_INT_CONVERSION = YES;
				CLANG_WARN_NON_LITERAL_NULL_CONVERSION = YES;
				CLANG_WARN_OBJC_IMPLICIT_RETAIN_SELF = YES;
				CLANG_WARN_OBJC_LITERAL_CONVERSION = YES;
				CLANG_WARN_OBJC_ROOT_CLASS = YES_ERROR;
				CLANG_WARN_RANGE_LOOP_ANALYSIS = YES;
				CLANG_WARN_STRICT_PROTOTYPES = YES;
				CLANG_WARN_SUSPICIOUS_MOVE = YES;
				CLANG_WARN_UNGUARDED_AVAILABILITY = YES_AGGRESSIVE;
				CLANG_WARN_UNREACHABLE_CODE = YES;
				CLANG_WARN__DUPLICATE_METHOD_MATCH = YES;
				CODE_SIGN_IDENTITY = "iPhone Developer";
				COPY_PHASE_STRIP = NO;
				DEBUG_INFORMATION_FORMAT = "dwarf-with-dsym";
				ENABLE_NS_ASSERTIONS = NO;
				ENABLE_STRICT_OBJC_MSGSEND = YES;
				GCC_C_LANGUAGE_STANDARD = gnu11;
				GCC_NO_COMMON_BLOCKS = YES;
				GCC_WARN_64_TO_32_BIT_CONVERSION = YES;
				GCC_WARN_ABOUT_RETURN_TYPE = YES_ERROR;
				GCC_WARN_UNDECLARED_SELECTOR = YES;
				GCC_WARN_UNINITIALIZED_AUTOS = YES_AGGRESSIVE;
				GCC_WARN_UNUSED_FUNCTION = YES;
				GCC_WARN_UNUSED_VARIABLE = YES;
				IPHONEOS_DEPLOYMENT_TARGET = 11.4;
				MTL_ENABLE_DEBUG_INFO = NO;
				SDKROOT = iphoneos;
				SWIFT_COMPILATION_MODE = wholemodule;
				SWIFT_OPTIMIZATION_LEVEL = "-O";
				VALIDATE_PRODUCT = YES;
			};
			name = Release;
		};
		46AA32DF21212A2A003AC495 /* Debug */ = {
			isa = XCBuildConfiguration;
			buildSettings = {
				ASSETCATALOG_COMPILER_APPICON_NAME = AppIcon;
				CODE_SIGN_STYLE = Automatic;
				DEVELOPMENT_TEAM = RHXV46UQ82;
				INFOPLIST_FILE = "$(SRCROOT)/JournalCoreData/Resources/Info.plist";
				IPHONEOS_DEPLOYMENT_TARGET = 11.2;
				LD_RUNPATH_SEARCH_PATHS = (
					"$(inherited)",
					"@executable_path/Frameworks",
				);
				PRODUCT_BUNDLE_IDENTIFIER = com.LambdaSchool.JournalCoreData;
				PRODUCT_NAME = "$(TARGET_NAME)";
				SWIFT_VERSION = 5.0;
				TARGETED_DEVICE_FAMILY = "1,2";
			};
			name = Debug;
		};
		46AA32E021212A2A003AC495 /* Release */ = {
			isa = XCBuildConfiguration;
			buildSettings = {
				ASSETCATALOG_COMPILER_APPICON_NAME = AppIcon;
				CODE_SIGN_STYLE = Automatic;
				DEVELOPMENT_TEAM = RHXV46UQ82;
				INFOPLIST_FILE = "$(SRCROOT)/JournalCoreData/Resources/Info.plist";
				IPHONEOS_DEPLOYMENT_TARGET = 11.2;
				LD_RUNPATH_SEARCH_PATHS = (
					"$(inherited)",
					"@executable_path/Frameworks",
				);
				PRODUCT_BUNDLE_IDENTIFIER = com.LambdaSchool.JournalCoreData;
				PRODUCT_NAME = "$(TARGET_NAME)";
				SWIFT_VERSION = 5.0;
				TARGETED_DEVICE_FAMILY = "1,2";
			};
			name = Release;
		};
/* End XCBuildConfiguration section */

/* Begin XCConfigurationList section */
		46AA32C721212A28003AC495 /* Build configuration list for PBXProject "JournalCoreData" */ = {
			isa = XCConfigurationList;
			buildConfigurations = (
				46AA32DC21212A2A003AC495 /* Debug */,
				46AA32DD21212A2A003AC495 /* Release */,
			);
			defaultConfigurationIsVisible = 0;
			defaultConfigurationName = Release;
		};
		46AA32DE21212A2A003AC495 /* Build configuration list for PBXNativeTarget "JournalCoreData" */ = {
			isa = XCConfigurationList;
			buildConfigurations = (
				46AA32DF21212A2A003AC495 /* Debug */,
				46AA32E021212A2A003AC495 /* Release */,
			);
			defaultConfigurationIsVisible = 0;
			defaultConfigurationName = Release;
		};
/* End XCConfigurationList section */

/* Begin XCVersionGroup section */
		46AA32E121212A86003AC495 /* JournalCoreData.xcdatamodeld */ = {
			isa = XCVersionGroup;
			children = (
				D58D392D23A971D50071AC62 /* JournalCoreData 2.xcdatamodel */,
				46AA32E221212A86003AC495 /* JournalCoreData.xcdatamodel */,
			);
			currentVersion = D58D392D23A971D50071AC62 /* JournalCoreData 2.xcdatamodel */;
			path = JournalCoreData.xcdatamodeld;
			sourceTree = "<group>";
			versionGroupType = wrapper.xcdatamodel;
		};
/* End XCVersionGroup section */
	};
	rootObject = 46AA32C421212A28003AC495 /* Project object */;
}
