// !$*UTF8*$!
{
	archiveVersion = 1;
	classes = {
	};
	objectVersion = 50;
	objects = {

/* Begin PBXBuildFile section */
		6366FD5F2454EC3600640A2D /* EntryDetailViewController.swift in Sources */ = {isa = PBXBuildFile; fileRef = 6366FD5E2454EC3600640A2D /* EntryDetailViewController.swift */; };
		63A7287824513541002BDADA /* AppDelegate.swift in Sources */ = {isa = PBXBuildFile; fileRef = 63A7287724513541002BDADA /* AppDelegate.swift */; };
		63A7287A24513541002BDADA /* SceneDelegate.swift in Sources */ = {isa = PBXBuildFile; fileRef = 63A7287924513541002BDADA /* SceneDelegate.swift */; };
		63A7287C24513541002BDADA /* CreateEntryViewController.swift in Sources */ = {isa = PBXBuildFile; fileRef = 63A7287B24513541002BDADA /* CreateEntryViewController.swift */; };
		63A7287F24513541002BDADA /* Main.storyboard in Resources */ = {isa = PBXBuildFile; fileRef = 63A7287D24513541002BDADA /* Main.storyboard */; };
		63A7288124513542002BDADA /* Assets.xcassets in Resources */ = {isa = PBXBuildFile; fileRef = 63A7288024513542002BDADA /* Assets.xcassets */; };
		63A7288424513542002BDADA /* LaunchScreen.storyboard in Resources */ = {isa = PBXBuildFile; fileRef = 63A7288224513542002BDADA /* LaunchScreen.storyboard */; };
		63A7288C24513B5A002BDADA /* EntriesTableViewController.swift in Sources */ = {isa = PBXBuildFile; fileRef = 63A7288B24513B5A002BDADA /* EntriesTableViewController.swift */; };
		63A7288E24513B71002BDADA /* EntryTableViewCell.swift in Sources */ = {isa = PBXBuildFile; fileRef = 63A7288D24513B71002BDADA /* EntryTableViewCell.swift */; };
		63A7289024513B7B002BDADA /* CoreDataStack.swift in Sources */ = {isa = PBXBuildFile; fileRef = 63A7288F24513B7B002BDADA /* CoreDataStack.swift */; };
		63A7289224513B86002BDADA /* Entry+Convenience.swift in Sources */ = {isa = PBXBuildFile; fileRef = 63A7289124513B86002BDADA /* Entry+Convenience.swift */; };
		63A7289524513B95002BDADA /* Journal.xcdatamodeld in Sources */ = {isa = PBXBuildFile; fileRef = 63A7289324513B95002BDADA /* Journal.xcdatamodeld */; };
/* End PBXBuildFile section */

/* Begin PBXFileReference section */
		6366FD5E2454EC3600640A2D /* EntryDetailViewController.swift */ = {isa = PBXFileReference; lastKnownFileType = sourcecode.swift; path = EntryDetailViewController.swift; sourceTree = "<group>"; };
		63A7287424513541002BDADA /* Journal.app */ = {isa = PBXFileReference; explicitFileType = wrapper.application; includeInIndex = 0; path = Journal.app; sourceTree = BUILT_PRODUCTS_DIR; };
		63A7287724513541002BDADA /* AppDelegate.swift */ = {isa = PBXFileReference; lastKnownFileType = sourcecode.swift; path = AppDelegate.swift; sourceTree = "<group>"; };
		63A7287924513541002BDADA /* SceneDelegate.swift */ = {isa = PBXFileReference; lastKnownFileType = sourcecode.swift; path = SceneDelegate.swift; sourceTree = "<group>"; };
		63A7287B24513541002BDADA /* CreateEntryViewController.swift */ = {isa = PBXFileReference; lastKnownFileType = sourcecode.swift; path = CreateEntryViewController.swift; sourceTree = "<group>"; };
		63A7287E24513541002BDADA /* Base */ = {isa = PBXFileReference; lastKnownFileType = file.storyboard; name = Base; path = Base.lproj/Main.storyboard; sourceTree = "<group>"; };
		63A7288024513542002BDADA /* Assets.xcassets */ = {isa = PBXFileReference; lastKnownFileType = folder.assetcatalog; path = Assets.xcassets; sourceTree = "<group>"; };
		63A7288324513542002BDADA /* Base */ = {isa = PBXFileReference; lastKnownFileType = file.storyboard; name = Base; path = Base.lproj/LaunchScreen.storyboard; sourceTree = "<group>"; };
		63A7288524513542002BDADA /* Info.plist */ = {isa = PBXFileReference; lastKnownFileType = text.plist.xml; path = Info.plist; sourceTree = "<group>"; };
		63A7288B24513B5A002BDADA /* EntriesTableViewController.swift */ = {isa = PBXFileReference; lastKnownFileType = sourcecode.swift; path = EntriesTableViewController.swift; sourceTree = "<group>"; };
		63A7288D24513B71002BDADA /* EntryTableViewCell.swift */ = {isa = PBXFileReference; lastKnownFileType = sourcecode.swift; path = EntryTableViewCell.swift; sourceTree = "<group>"; };
		63A7288F24513B7B002BDADA /* CoreDataStack.swift */ = {isa = PBXFileReference; lastKnownFileType = sourcecode.swift; path = CoreDataStack.swift; sourceTree = "<group>"; };
		63A7289124513B86002BDADA /* Entry+Convenience.swift */ = {isa = PBXFileReference; lastKnownFileType = sourcecode.swift; path = "Entry+Convenience.swift"; sourceTree = "<group>"; };
		63A7289424513B95002BDADA /* Journal.xcdatamodel */ = {isa = PBXFileReference; lastKnownFileType = wrapper.xcdatamodel; path = Journal.xcdatamodel; sourceTree = "<group>"; };
		63A728C32453E5B3002BDADA /* Journal 2 (+mood).xcdatamodel */ = {isa = PBXFileReference; lastKnownFileType = wrapper.xcdatamodel; path = "Journal 2 (+mood).xcdatamodel"; sourceTree = "<group>"; };
/* End PBXFileReference section */

/* Begin PBXFrameworksBuildPhase section */
		63A7287124513541002BDADA /* Frameworks */ = {
			isa = PBXFrameworksBuildPhase;
			buildActionMask = 2147483647;
			files = (
			);
			runOnlyForDeploymentPostprocessing = 0;
		};
/* End PBXFrameworksBuildPhase section */

/* Begin PBXGroup section */
		63A7286B24513541002BDADA = {
			isa = PBXGroup;
			children = (
				63A7287624513541002BDADA /* Journal */,
				63A7287524513541002BDADA /* Products */,
			);
			sourceTree = "<group>";
		};
		63A7287524513541002BDADA /* Products */ = {
			isa = PBXGroup;
			children = (
				63A7287424513541002BDADA /* Journal.app */,
			);
			name = Products;
			sourceTree = "<group>";
		};
		63A7287624513541002BDADA /* Journal */ = {
			isa = PBXGroup;
			children = (
				63A7289624513B9C002BDADA /* Model */,
				63A7289724513BBB002BDADA /* View Controllers */,
				63A7289924513C8D002BDADA /* UI */,
				63A7289824513BD1002BDADA /* Resources */,
				63A7288524513542002BDADA /* Info.plist */,
			);
			path = Journal;
			sourceTree = "<group>";
		};
		63A7289624513B9C002BDADA /* Model */ = {
			isa = PBXGroup;
			children = (
				63A7289324513B95002BDADA /* Journal.xcdatamodeld */,
				63A7289124513B86002BDADA /* Entry+Convenience.swift */,
				63A7288F24513B7B002BDADA /* CoreDataStack.swift */,
			);
			path = Model;
			sourceTree = "<group>";
		};
		63A7289724513BBB002BDADA /* View Controllers */ = {
			isa = PBXGroup;
			children = (
				63A7288B24513B5A002BDADA /* EntriesTableViewController.swift */,
				63A7288D24513B71002BDADA /* EntryTableViewCell.swift */,
				63A7287B24513541002BDADA /* CreateEntryViewController.swift */,
				6366FD5E2454EC3600640A2D /* EntryDetailViewController.swift */,
			);
			path = "View Controllers";
			sourceTree = "<group>";
		};
		63A7289824513BD1002BDADA /* Resources */ = {
			isa = PBXGroup;
			children = (
				63A7287724513541002BDADA /* AppDelegate.swift */,
				63A7287924513541002BDADA /* SceneDelegate.swift */,
				63A7288224513542002BDADA /* LaunchScreen.storyboard */,
			);
			path = Resources;
			sourceTree = "<group>";
		};
		63A7289924513C8D002BDADA /* UI */ = {
			isa = PBXGroup;
			children = (
				63A7287D24513541002BDADA /* Main.storyboard */,
				63A7288024513542002BDADA /* Assets.xcassets */,
			);
			path = UI;
			sourceTree = "<group>";
		};
/* End PBXGroup section */

/* Begin PBXNativeTarget section */
		63A7287324513541002BDADA /* Journal */ = {
			isa = PBXNativeTarget;
			buildConfigurationList = 63A7288824513542002BDADA /* Build configuration list for PBXNativeTarget "Journal" */;
			buildPhases = (
				63A7287024513541002BDADA /* Sources */,
				63A7287124513541002BDADA /* Frameworks */,
				63A7287224513541002BDADA /* Resources */,
			);
			buildRules = (
			);
			dependencies = (
			);
			name = Journal;
			productName = Journal;
			productReference = 63A7287424513541002BDADA /* Journal.app */;
			productType = "com.apple.product-type.application";
		};
/* End PBXNativeTarget section */

/* Begin PBXProject section */
		63A7286C24513541002BDADA /* Project object */ = {
			isa = PBXProject;
			attributes = {
				LastSwiftUpdateCheck = 1140;
				LastUpgradeCheck = 1140;
				ORGANIZATIONNAME = "Chad Parker";
				TargetAttributes = {
					63A7287324513541002BDADA = {
						CreatedOnToolsVersion = 11.4;
					};
				};
			};
			buildConfigurationList = 63A7286F24513541002BDADA /* Build configuration list for PBXProject "Journal" */;
			compatibilityVersion = "Xcode 9.3";
			developmentRegion = en;
			hasScannedForEncodings = 0;
			knownRegions = (
				en,
				Base,
			);
			mainGroup = 63A7286B24513541002BDADA;
			productRefGroup = 63A7287524513541002BDADA /* Products */;
			projectDirPath = "";
			projectRoot = "";
			targets = (
				63A7287324513541002BDADA /* Journal */,
			);
		};
/* End PBXProject section */

/* Begin PBXResourcesBuildPhase section */
		63A7287224513541002BDADA /* Resources */ = {
			isa = PBXResourcesBuildPhase;
			buildActionMask = 2147483647;
			files = (
				63A7288424513542002BDADA /* LaunchScreen.storyboard in Resources */,
				63A7288124513542002BDADA /* Assets.xcassets in Resources */,
				63A7287F24513541002BDADA /* Main.storyboard in Resources */,
			);
			runOnlyForDeploymentPostprocessing = 0;
		};
/* End PBXResourcesBuildPhase section */

/* Begin PBXSourcesBuildPhase section */
		63A7287024513541002BDADA /* Sources */ = {
			isa = PBXSourcesBuildPhase;
			buildActionMask = 2147483647;
			files = (
				63A7288C24513B5A002BDADA /* EntriesTableViewController.swift in Sources */,
				63A7288E24513B71002BDADA /* EntryTableViewCell.swift in Sources */,
				63A7287C24513541002BDADA /* CreateEntryViewController.swift in Sources */,
				63A7289024513B7B002BDADA /* CoreDataStack.swift in Sources */,
				63A7287824513541002BDADA /* AppDelegate.swift in Sources */,
				63A7287A24513541002BDADA /* SceneDelegate.swift in Sources */,
				63A7289224513B86002BDADA /* Entry+Convenience.swift in Sources */,
				6366FD5F2454EC3600640A2D /* EntryDetailViewController.swift in Sources */,
				63A7289524513B95002BDADA /* Journal.xcdatamodeld in Sources */,
			);
			runOnlyForDeploymentPostprocessing = 0;
		};
/* End PBXSourcesBuildPhase section */

/* Begin PBXVariantGroup section */
		63A7287D24513541002BDADA /* Main.storyboard */ = {
			isa = PBXVariantGroup;
			children = (
				63A7287E24513541002BDADA /* Base */,
			);
			name = Main.storyboard;
			sourceTree = "<group>";
		};
		63A7288224513542002BDADA /* LaunchScreen.storyboard */ = {
			isa = PBXVariantGroup;
			children = (
				63A7288324513542002BDADA /* Base */,
			);
			name = LaunchScreen.storyboard;
			sourceTree = "<group>";
		};
/* End PBXVariantGroup section */

/* Begin XCBuildConfiguration section */
		63A7288624513542002BDADA /* Debug */ = {
			isa = XCBuildConfiguration;
			buildSettings = {
				ALWAYS_SEARCH_USER_PATHS = NO;
				CLANG_ANALYZER_NONNULL = YES;
				CLANG_ANALYZER_NUMBER_OBJECT_CONVERSION = YES_AGGRESSIVE;
				CLANG_CXX_LANGUAGE_STANDARD = "gnu++14";
				CLANG_CXX_LIBRARY = "libc++";
				CLANG_ENABLE_MODULES = YES;
				CLANG_ENABLE_OBJC_ARC = YES;
				CLANG_ENABLE_OBJC_WEAK = YES;
				CLANG_WARN_BLOCK_CAPTURE_AUTORELEASING = YES;
				CLANG_WARN_BOOL_CONVERSION = YES;
				CLANG_WARN_COMMA = YES;
				CLANG_WARN_CONSTANT_CONVERSION = YES;
				CLANG_WARN_DEPRECATED_OBJC_IMPLEMENTATIONS = YES;
				CLANG_WARN_DIRECT_OBJC_ISA_USAGE = YES_ERROR;
				CLANG_WARN_DOCUMENTATION_COMMENTS = YES;
				CLANG_WARN_EMPTY_BODY = YES;
				CLANG_WARN_ENUM_CONVERSION = YES;
				CLANG_WARN_INFINITE_RECURSION = YES;
				CLANG_WARN_INT_CONVERSION = YES;
				CLANG_WARN_NON_LITERAL_NULL_CONVERSION = YES;
				CLANG_WARN_OBJC_IMPLICIT_RETAIN_SELF = YES;
				CLANG_WARN_OBJC_LITERAL_CONVERSION = YES;
				CLANG_WARN_OBJC_ROOT_CLASS = YES_ERROR;
				CLANG_WARN_RANGE_LOOP_ANALYSIS = YES;
				CLANG_WARN_STRICT_PROTOTYPES = YES;
				CLANG_WARN_SUSPICIOUS_MOVE = YES;
				CLANG_WARN_UNGUARDED_AVAILABILITY = YES_AGGRESSIVE;
				CLANG_WARN_UNREACHABLE_CODE = YES;
				CLANG_WARN__DUPLICATE_METHOD_MATCH = YES;
				COPY_PHASE_STRIP = NO;
				DEBUG_INFORMATION_FORMAT = dwarf;
				ENABLE_STRICT_OBJC_MSGSEND = YES;
				ENABLE_TESTABILITY = YES;
				GCC_C_LANGUAGE_STANDARD = gnu11;
				GCC_DYNAMIC_NO_PIC = NO;
				GCC_NO_COMMON_BLOCKS = YES;
				GCC_OPTIMIZATION_LEVEL = 0;
				GCC_PREPROCESSOR_DEFINITIONS = (
					"DEBUG=1",
					"$(inherited)",
				);
				GCC_WARN_64_TO_32_BIT_CONVERSION = YES;
				GCC_WARN_ABOUT_RETURN_TYPE = YES_ERROR;
				GCC_WARN_UNDECLARED_SELECTOR = YES;
				GCC_WARN_UNINITIALIZED_AUTOS = YES_AGGRESSIVE;
				GCC_WARN_UNUSED_FUNCTION = YES;
				GCC_WARN_UNUSED_VARIABLE = YES;
				IPHONEOS_DEPLOYMENT_TARGET = 13.4;
				MTL_ENABLE_DEBUG_INFO = INCLUDE_SOURCE;
				MTL_FAST_MATH = YES;
				ONLY_ACTIVE_ARCH = YES;
				SDKROOT = iphoneos;
				SWIFT_ACTIVE_COMPILATION_CONDITIONS = DEBUG;
				SWIFT_OPTIMIZATION_LEVEL = "-Onone";
			};
			name = Debug;
		};
		63A7288724513542002BDADA /* Release */ = {
			isa = XCBuildConfiguration;
			buildSettings = {
				ALWAYS_SEARCH_USER_PATHS = NO;
				CLANG_ANALYZER_NONNULL = YES;
				CLANG_ANALYZER_NUMBER_OBJECT_CONVERSION = YES_AGGRESSIVE;
				CLANG_CXX_LANGUAGE_STANDARD = "gnu++14";
				CLANG_CXX_LIBRARY = "libc++";
				CLANG_ENABLE_MODULES = YES;
				CLANG_ENABLE_OBJC_ARC = YES;
				CLANG_ENABLE_OBJC_WEAK = YES;
				CLANG_WARN_BLOCK_CAPTURE_AUTORELEASING = YES;
				CLANG_WARN_BOOL_CONVERSION = YES;
				CLANG_WARN_COMMA = YES;
				CLANG_WARN_CONSTANT_CONVERSION = YES;
				CLANG_WARN_DEPRECATED_OBJC_IMPLEMENTATIONS = YES;
				CLANG_WARN_DIRECT_OBJC_ISA_USAGE = YES_ERROR;
				CLANG_WARN_DOCUMENTATION_COMMENTS = YES;
				CLANG_WARN_EMPTY_BODY = YES;
				CLANG_WARN_ENUM_CONVERSION = YES;
				CLANG_WARN_INFINITE_RECURSION = YES;
				CLANG_WARN_INT_CONVERSION = YES;
				CLANG_WARN_NON_LITERAL_NULL_CONVERSION = YES;
				CLANG_WARN_OBJC_IMPLICIT_RETAIN_SELF = YES;
				CLANG_WARN_OBJC_LITERAL_CONVERSION = YES;
				CLANG_WARN_OBJC_ROOT_CLASS = YES_ERROR;
				CLANG_WARN_RANGE_LOOP_ANALYSIS = YES;
				CLANG_WARN_STRICT_PROTOTYPES = YES;
				CLANG_WARN_SUSPICIOUS_MOVE = YES;
				CLANG_WARN_UNGUARDED_AVAILABILITY = YES_AGGRESSIVE;
				CLANG_WARN_UNREACHABLE_CODE = YES;
				CLANG_WARN__DUPLICATE_METHOD_MATCH = YES;
				COPY_PHASE_STRIP = NO;
				DEBUG_INFORMATION_FORMAT = "dwarf-with-dsym";
				ENABLE_NS_ASSERTIONS = NO;
				ENABLE_STRICT_OBJC_MSGSEND = YES;
				GCC_C_LANGUAGE_STANDARD = gnu11;
				GCC_NO_COMMON_BLOCKS = YES;
				GCC_WARN_64_TO_32_BIT_CONVERSION = YES;
				GCC_WARN_ABOUT_RETURN_TYPE = YES_ERROR;
				GCC_WARN_UNDECLARED_SELECTOR = YES;
				GCC_WARN_UNINITIALIZED_AUTOS = YES_AGGRESSIVE;
				GCC_WARN_UNUSED_FUNCTION = YES;
				GCC_WARN_UNUSED_VARIABLE = YES;
				IPHONEOS_DEPLOYMENT_TARGET = 13.4;
				MTL_ENABLE_DEBUG_INFO = NO;
				MTL_FAST_MATH = YES;
				SDKROOT = iphoneos;
				SWIFT_COMPILATION_MODE = wholemodule;
				SWIFT_OPTIMIZATION_LEVEL = "-O";
				VALIDATE_PRODUCT = YES;
			};
			name = Release;
		};
		63A7288924513542002BDADA /* Debug */ = {
			isa = XCBuildConfiguration;
			buildSettings = {
				ASSETCATALOG_COMPILER_APPICON_NAME = AppIcon;
				CODE_SIGN_STYLE = Automatic;
				DEVELOPMENT_TEAM = 249LNXJ9HG;
				INFOPLIST_FILE = Journal/Info.plist;
				LD_RUNPATH_SEARCH_PATHS = (
					"$(inherited)",
					"@executable_path/Frameworks",
				);
				PRODUCT_BUNDLE_IDENTIFIER = com.chadparker.Journal;
				PRODUCT_NAME = "$(TARGET_NAME)";
				SWIFT_VERSION = 5.0;
				TARGETED_DEVICE_FAMILY = "1,2";
			};
			name = Debug;
		};
		63A7288A24513542002BDADA /* Release */ = {
			isa = XCBuildConfiguration;
			buildSettings = {
				ASSETCATALOG_COMPILER_APPICON_NAME = AppIcon;
				CODE_SIGN_STYLE = Automatic;
				DEVELOPMENT_TEAM = 249LNXJ9HG;
				INFOPLIST_FILE = Journal/Info.plist;
				LD_RUNPATH_SEARCH_PATHS = (
					"$(inherited)",
					"@executable_path/Frameworks",
				);
				PRODUCT_BUNDLE_IDENTIFIER = com.chadparker.Journal;
				PRODUCT_NAME = "$(TARGET_NAME)";
				SWIFT_VERSION = 5.0;
				TARGETED_DEVICE_FAMILY = "1,2";
			};
			name = Release;
		};
/* End XCBuildConfiguration section */

/* Begin XCConfigurationList section */
		63A7286F24513541002BDADA /* Build configuration list for PBXProject "Journal" */ = {
			isa = XCConfigurationList;
			buildConfigurations = (
				63A7288624513542002BDADA /* Debug */,
				63A7288724513542002BDADA /* Release */,
			);
			defaultConfigurationIsVisible = 0;
			defaultConfigurationName = Release;
		};
		63A7288824513542002BDADA /* Build configuration list for PBXNativeTarget "Journal" */ = {
			isa = XCConfigurationList;
			buildConfigurations = (
				63A7288924513542002BDADA /* Debug */,
				63A7288A24513542002BDADA /* Release */,
			);
			defaultConfigurationIsVisible = 0;
			defaultConfigurationName = Release;
		};
/* End XCConfigurationList section */

/* Begin XCVersionGroup section */
		63A7289324513B95002BDADA /* Journal.xcdatamodeld */ = {
			isa = XCVersionGroup;
			children = (
				63A728C32453E5B3002BDADA /* Journal 2 (+mood).xcdatamodel */,
				63A7289424513B95002BDADA /* Journal.xcdatamodel */,
			);
			currentVersion = 63A728C32453E5B3002BDADA /* Journal 2 (+mood).xcdatamodel */;
			path = Journal.xcdatamodeld;
			sourceTree = "<group>";
			versionGroupType = wrapper.xcdatamodel;
		};
/* End XCVersionGroup section */
	};
	rootObject = 63A7286C24513541002BDADA /* Project object */;
}
