// !$*UTF8*$!
{
	archiveVersion = 1;
	classes = {
	};
	objectVersion = 50;
	objects = {

/* Begin PBXBuildFile section */
		2C3E100023DF8B9B00E3CFF1 /* EntriesTableViewController.swift in Sources */ = {isa = PBXBuildFile; fileRef = 2C3E0FFF23DF8B9B00E3CFF1 /* EntriesTableViewController.swift */; };
		2C3E100223DF908600E3CFF1 /* EntryTableViewCell.swift in Sources */ = {isa = PBXBuildFile; fileRef = 2C3E100123DF908600E3CFF1 /* EntryTableViewCell.swift */; };
		2C3E100423DF93B700E3CFF1 /* EntryDetailViewController.swift in Sources */ = {isa = PBXBuildFile; fileRef = 2C3E100323DF93B700E3CFF1 /* EntryDetailViewController.swift */; };
		2C3E100623DF948800E3CFF1 /* CoreDataTask.swift in Sources */ = {isa = PBXBuildFile; fileRef = 2C3E100523DF948800E3CFF1 /* CoreDataTask.swift */; };
		2C3E100923DF975900E3CFF1 /* Entries.xcdatamodeld in Sources */ = {isa = PBXBuildFile; fileRef = 2C3E100723DF975900E3CFF1 /* Entries.xcdatamodeld */; };
		2C3E100B23DF991200E3CFF1 /* Entry+Convenience.swift in Sources */ = {isa = PBXBuildFile; fileRef = 2C3E100A23DF991200E3CFF1 /* Entry+Convenience.swift */; };
		2CCD39D423DF89D600A66480 /* AppDelegate.swift in Sources */ = {isa = PBXBuildFile; fileRef = 2CCD39D323DF89D600A66480 /* AppDelegate.swift */; };
		2CCD39D623DF89D600A66480 /* SceneDelegate.swift in Sources */ = {isa = PBXBuildFile; fileRef = 2CCD39D523DF89D600A66480 /* SceneDelegate.swift */; };
		2CCD39DB23DF89D600A66480 /* Main.storyboard in Resources */ = {isa = PBXBuildFile; fileRef = 2CCD39D923DF89D600A66480 /* Main.storyboard */; };
		2CCD39DD23DF89D800A66480 /* Assets.xcassets in Resources */ = {isa = PBXBuildFile; fileRef = 2CCD39DC23DF89D800A66480 /* Assets.xcassets */; };
		2CCD39E023DF89D800A66480 /* LaunchScreen.storyboard in Resources */ = {isa = PBXBuildFile; fileRef = 2CCD39DE23DF89D800A66480 /* LaunchScreen.storyboard */; };
/* End PBXBuildFile section */

/* Begin PBXFileReference section */
		2C3E0FFF23DF8B9B00E3CFF1 /* EntriesTableViewController.swift */ = {isa = PBXFileReference; lastKnownFileType = sourcecode.swift; path = EntriesTableViewController.swift; sourceTree = "<group>"; };
		2C3E100123DF908600E3CFF1 /* EntryTableViewCell.swift */ = {isa = PBXFileReference; lastKnownFileType = sourcecode.swift; path = EntryTableViewCell.swift; sourceTree = "<group>"; };
		2C3E100323DF93B700E3CFF1 /* EntryDetailViewController.swift */ = {isa = PBXFileReference; lastKnownFileType = sourcecode.swift; path = EntryDetailViewController.swift; sourceTree = "<group>"; };
		2C3E100523DF948800E3CFF1 /* CoreDataTask.swift */ = {isa = PBXFileReference; lastKnownFileType = sourcecode.swift; path = CoreDataTask.swift; sourceTree = "<group>"; };
		2C3E100823DF975900E3CFF1 /* Entries.xcdatamodel */ = {isa = PBXFileReference; lastKnownFileType = wrapper.xcdatamodel; path = Entries.xcdatamodel; sourceTree = "<group>"; };
		2C3E100A23DF991200E3CFF1 /* Entry+Convenience.swift */ = {isa = PBXFileReference; lastKnownFileType = sourcecode.swift; path = "Entry+Convenience.swift"; sourceTree = "<group>"; };
		2CCD39D023DF89D600A66480 /* Journal.app */ = {isa = PBXFileReference; explicitFileType = wrapper.application; includeInIndex = 0; path = Journal.app; sourceTree = BUILT_PRODUCTS_DIR; };
		2CCD39D323DF89D600A66480 /* AppDelegate.swift */ = {isa = PBXFileReference; lastKnownFileType = sourcecode.swift; path = AppDelegate.swift; sourceTree = "<group>"; };
		2CCD39D523DF89D600A66480 /* SceneDelegate.swift */ = {isa = PBXFileReference; lastKnownFileType = sourcecode.swift; path = SceneDelegate.swift; sourceTree = "<group>"; };
		2CCD39DA23DF89D600A66480 /* Base */ = {isa = PBXFileReference; lastKnownFileType = file.storyboard; name = Base; path = Base.lproj/Main.storyboard; sourceTree = "<group>"; };
		2CCD39DC23DF89D800A66480 /* Assets.xcassets */ = {isa = PBXFileReference; lastKnownFileType = folder.assetcatalog; path = Assets.xcassets; sourceTree = "<group>"; };
		2CCD39DF23DF89D800A66480 /* Base */ = {isa = PBXFileReference; lastKnownFileType = file.storyboard; name = Base; path = Base.lproj/LaunchScreen.storyboard; sourceTree = "<group>"; };
		2CCD39E123DF89D800A66480 /* Info.plist */ = {isa = PBXFileReference; lastKnownFileType = text.plist.xml; path = Info.plist; sourceTree = "<group>"; };
/* End PBXFileReference section */

/* Begin PBXFrameworksBuildPhase section */
		2CCD39CD23DF89D600A66480 /* Frameworks */ = {
			isa = PBXFrameworksBuildPhase;
			buildActionMask = 2147483647;
			files = (
			);
			runOnlyForDeploymentPostprocessing = 0;
		};
/* End PBXFrameworksBuildPhase section */

/* Begin PBXGroup section */
		2CCD39C723DF89D600A66480 = {
			isa = PBXGroup;
			children = (
				2CCD39D223DF89D600A66480 /* Journal */,
				2CCD39D123DF89D600A66480 /* Products */,
			);
			sourceTree = "<group>";
		};
		2CCD39D123DF89D600A66480 /* Products */ = {
			isa = PBXGroup;
			children = (
				2CCD39D023DF89D600A66480 /* Journal.app */,
			);
			name = Products;
			sourceTree = "<group>";
		};
		2CCD39D223DF89D600A66480 /* Journal */ = {
			isa = PBXGroup;
			children = (
				2CCD39E923DF8A2B00A66480 /* Models */,
				2CCD39E823DF8A2100A66480 /* Views */,
				2CCD39EA23DF8A3A00A66480 /* Controllers */,
				2CCD39E723DF8A0500A66480 /* Resources */,
				2CCD39E123DF89D800A66480 /* Info.plist */,
			);
			path = Journal;
			sourceTree = "<group>";
		};
		2CCD39E723DF8A0500A66480 /* Resources */ = {
			isa = PBXGroup;
			children = (
				2CCD39D323DF89D600A66480 /* AppDelegate.swift */,
				2CCD39D523DF89D600A66480 /* SceneDelegate.swift */,
				2CCD39DC23DF89D800A66480 /* Assets.xcassets */,
			);
			path = Resources;
			sourceTree = "<group>";
		};
		2CCD39E823DF8A2100A66480 /* Views */ = {
			isa = PBXGroup;
			children = (
				2CCD39D923DF89D600A66480 /* Main.storyboard */,
				2CCD39DE23DF89D800A66480 /* LaunchScreen.storyboard */,
				2C3E100123DF908600E3CFF1 /* EntryTableViewCell.swift */,
			);
			path = Views;
			sourceTree = "<group>";
		};
		2CCD39E923DF8A2B00A66480 /* Models */ = {
			isa = PBXGroup;
			children = (
				2C3E100523DF948800E3CFF1 /* CoreDataTask.swift */,
				2C3E100723DF975900E3CFF1 /* Entries.xcdatamodeld */,
				2C3E100A23DF991200E3CFF1 /* Entry+Convenience.swift */,
			);
			path = Models;
			sourceTree = "<group>";
		};
		2CCD39EA23DF8A3A00A66480 /* Controllers */ = {
			isa = PBXGroup;
			children = (
				2CCD39EB23DF8A4F00A66480 /* Model Controllers */,
				2CCD39EC23DF8A6300A66480 /* View Controllers */,
			);
			path = Controllers;
			sourceTree = "<group>";
		};
		2CCD39EB23DF8A4F00A66480 /* Model Controllers */ = {
			isa = PBXGroup;
			children = (
			);
			path = "Model Controllers";
			sourceTree = "<group>";
		};
		2CCD39EC23DF8A6300A66480 /* View Controllers */ = {
			isa = PBXGroup;
			children = (
				2C3E0FFF23DF8B9B00E3CFF1 /* EntriesTableViewController.swift */,
				2C3E100323DF93B700E3CFF1 /* EntryDetailViewController.swift */,
			);
			path = "View Controllers";
			sourceTree = "<group>";
		};
/* End PBXGroup section */

/* Begin PBXNativeTarget section */
		2CCD39CF23DF89D600A66480 /* Journal */ = {
			isa = PBXNativeTarget;
			buildConfigurationList = 2CCD39E423DF89D800A66480 /* Build configuration list for PBXNativeTarget "Journal" */;
			buildPhases = (
				2CCD39CC23DF89D600A66480 /* Sources */,
				2CCD39CD23DF89D600A66480 /* Frameworks */,
				2CCD39CE23DF89D600A66480 /* Resources */,
			);
			buildRules = (
			);
			dependencies = (
			);
			name = Journal;
			productName = Journal;
			productReference = 2CCD39D023DF89D600A66480 /* Journal.app */;
			productType = "com.apple.product-type.application";
		};
/* End PBXNativeTarget section */

/* Begin PBXProject section */
		2CCD39C823DF89D600A66480 /* Project object */ = {
			isa = PBXProject;
			attributes = {
				LastSwiftUpdateCheck = 1130;
				LastUpgradeCheck = 1130;
				ORGANIZATIONNAME = "Tobi Kuyoro";
				TargetAttributes = {
					2CCD39CF23DF89D600A66480 = {
						CreatedOnToolsVersion = 11.3;
					};
				};
			};
			buildConfigurationList = 2CCD39CB23DF89D600A66480 /* Build configuration list for PBXProject "Journal" */;
			compatibilityVersion = "Xcode 9.3";
			developmentRegion = en;
			hasScannedForEncodings = 0;
			knownRegions = (
				en,
				Base,
			);
			mainGroup = 2CCD39C723DF89D600A66480;
			productRefGroup = 2CCD39D123DF89D600A66480 /* Products */;
			projectDirPath = "";
			projectRoot = "";
			targets = (
				2CCD39CF23DF89D600A66480 /* Journal */,
			);
		};
/* End PBXProject section */

/* Begin PBXResourcesBuildPhase section */
		2CCD39CE23DF89D600A66480 /* Resources */ = {
			isa = PBXResourcesBuildPhase;
			buildActionMask = 2147483647;
			files = (
				2CCD39E023DF89D800A66480 /* LaunchScreen.storyboard in Resources */,
				2CCD39DD23DF89D800A66480 /* Assets.xcassets in Resources */,
				2CCD39DB23DF89D600A66480 /* Main.storyboard in Resources */,
			);
			runOnlyForDeploymentPostprocessing = 0;
		};
/* End PBXResourcesBuildPhase section */

/* Begin PBXSourcesBuildPhase section */
		2CCD39CC23DF89D600A66480 /* Sources */ = {
			isa = PBXSourcesBuildPhase;
			buildActionMask = 2147483647;
			files = (
				2C3E100223DF908600E3CFF1 /* EntryTableViewCell.swift in Sources */,
				2C3E100023DF8B9B00E3CFF1 /* EntriesTableViewController.swift in Sources */,
				2CCD39D423DF89D600A66480 /* AppDelegate.swift in Sources */,
				2C3E100923DF975900E3CFF1 /* Entries.xcdatamodeld in Sources */,
				2C3E100B23DF991200E3CFF1 /* Entry+Convenience.swift in Sources */,
				2C3E100423DF93B700E3CFF1 /* EntryDetailViewController.swift in Sources */,
				2CCD39D623DF89D600A66480 /* SceneDelegate.swift in Sources */,
				2C3E100623DF948800E3CFF1 /* CoreDataTask.swift in Sources */,
			);
			runOnlyForDeploymentPostprocessing = 0;
		};
/* End PBXSourcesBuildPhase section */

/* Begin PBXVariantGroup section */
		2CCD39D923DF89D600A66480 /* Main.storyboard */ = {
			isa = PBXVariantGroup;
			children = (
				2CCD39DA23DF89D600A66480 /* Base */,
			);
			name = Main.storyboard;
			sourceTree = "<group>";
		};
		2CCD39DE23DF89D800A66480 /* LaunchScreen.storyboard */ = {
			isa = PBXVariantGroup;
			children = (
				2CCD39DF23DF89D800A66480 /* Base */,
			);
			name = LaunchScreen.storyboard;
			sourceTree = "<group>";
		};
/* End PBXVariantGroup section */

/* Begin XCBuildConfiguration section */
		2CCD39E223DF89D800A66480 /* Debug */ = {
			isa = XCBuildConfiguration;
			buildSettings = {
				ALWAYS_SEARCH_USER_PATHS = NO;
				CLANG_ANALYZER_NONNULL = YES;
				CLANG_ANALYZER_NUMBER_OBJECT_CONVERSION = YES_AGGRESSIVE;
				CLANG_CXX_LANGUAGE_STANDARD = "gnu++14";
				CLANG_CXX_LIBRARY = "libc++";
				CLANG_ENABLE_MODULES = YES;
				CLANG_ENABLE_OBJC_ARC = YES;
				CLANG_ENABLE_OBJC_WEAK = YES;
				CLANG_WARN_BLOCK_CAPTURE_AUTORELEASING = YES;
				CLANG_WARN_BOOL_CONVERSION = YES;
				CLANG_WARN_COMMA = YES;
				CLANG_WARN_CONSTANT_CONVERSION = YES;
				CLANG_WARN_DEPRECATED_OBJC_IMPLEMENTATIONS = YES;
				CLANG_WARN_DIRECT_OBJC_ISA_USAGE = YES_ERROR;
				CLANG_WARN_DOCUMENTATION_COMMENTS = YES;
				CLANG_WARN_EMPTY_BODY = YES;
				CLANG_WARN_ENUM_CONVERSION = YES;
				CLANG_WARN_INFINITE_RECURSION = YES;
				CLANG_WARN_INT_CONVERSION = YES;
				CLANG_WARN_NON_LITERAL_NULL_CONVERSION = YES;
				CLANG_WARN_OBJC_IMPLICIT_RETAIN_SELF = YES;
				CLANG_WARN_OBJC_LITERAL_CONVERSION = YES;
				CLANG_WARN_OBJC_ROOT_CLASS = YES_ERROR;
				CLANG_WARN_RANGE_LOOP_ANALYSIS = YES;
				CLANG_WARN_STRICT_PROTOTYPES = YES;
				CLANG_WARN_SUSPICIOUS_MOVE = YES;
				CLANG_WARN_UNGUARDED_AVAILABILITY = YES_AGGRESSIVE;
				CLANG_WARN_UNREACHABLE_CODE = YES;
				CLANG_WARN__DUPLICATE_METHOD_MATCH = YES;
				COPY_PHASE_STRIP = NO;
				DEBUG_INFORMATION_FORMAT = dwarf;
				ENABLE_STRICT_OBJC_MSGSEND = YES;
				ENABLE_TESTABILITY = YES;
				GCC_C_LANGUAGE_STANDARD = gnu11;
				GCC_DYNAMIC_NO_PIC = NO;
				GCC_NO_COMMON_BLOCKS = YES;
				GCC_OPTIMIZATION_LEVEL = 0;
				GCC_PREPROCESSOR_DEFINITIONS = (
					"DEBUG=1",
					"$(inherited)",
				);
				GCC_WARN_64_TO_32_BIT_CONVERSION = YES;
				GCC_WARN_ABOUT_RETURN_TYPE = YES_ERROR;
				GCC_WARN_UNDECLARED_SELECTOR = YES;
				GCC_WARN_UNINITIALIZED_AUTOS = YES_AGGRESSIVE;
				GCC_WARN_UNUSED_FUNCTION = YES;
				GCC_WARN_UNUSED_VARIABLE = YES;
				IPHONEOS_DEPLOYMENT_TARGET = 13.2;
				MTL_ENABLE_DEBUG_INFO = INCLUDE_SOURCE;
				MTL_FAST_MATH = YES;
				ONLY_ACTIVE_ARCH = YES;
				SDKROOT = iphoneos;
				SWIFT_ACTIVE_COMPILATION_CONDITIONS = DEBUG;
				SWIFT_OPTIMIZATION_LEVEL = "-Onone";
			};
			name = Debug;
		};
		2CCD39E323DF89D800A66480 /* Release */ = {
			isa = XCBuildConfiguration;
			buildSettings = {
				ALWAYS_SEARCH_USER_PATHS = NO;
				CLANG_ANALYZER_NONNULL = YES;
				CLANG_ANALYZER_NUMBER_OBJECT_CONVERSION = YES_AGGRESSIVE;
				CLANG_CXX_LANGUAGE_STANDARD = "gnu++14";
				CLANG_CXX_LIBRARY = "libc++";
				CLANG_ENABLE_MODULES = YES;
				CLANG_ENABLE_OBJC_ARC = YES;
				CLANG_ENABLE_OBJC_WEAK = YES;
				CLANG_WARN_BLOCK_CAPTURE_AUTORELEASING = YES;
				CLANG_WARN_BOOL_CONVERSION = YES;
				CLANG_WARN_COMMA = YES;
				CLANG_WARN_CONSTANT_CONVERSION = YES;
				CLANG_WARN_DEPRECATED_OBJC_IMPLEMENTATIONS = YES;
				CLANG_WARN_DIRECT_OBJC_ISA_USAGE = YES_ERROR;
				CLANG_WARN_DOCUMENTATION_COMMENTS = YES;
				CLANG_WARN_EMPTY_BODY = YES;
				CLANG_WARN_ENUM_CONVERSION = YES;
				CLANG_WARN_INFINITE_RECURSION = YES;
				CLANG_WARN_INT_CONVERSION = YES;
				CLANG_WARN_NON_LITERAL_NULL_CONVERSION = YES;
				CLANG_WARN_OBJC_IMPLICIT_RETAIN_SELF = YES;
				CLANG_WARN_OBJC_LITERAL_CONVERSION = YES;
				CLANG_WARN_OBJC_ROOT_CLASS = YES_ERROR;
				CLANG_WARN_RANGE_LOOP_ANALYSIS = YES;
				CLANG_WARN_STRICT_PROTOTYPES = YES;
				CLANG_WARN_SUSPICIOUS_MOVE = YES;
				CLANG_WARN_UNGUARDED_AVAILABILITY = YES_AGGRESSIVE;
				CLANG_WARN_UNREACHABLE_CODE = YES;
				CLANG_WARN__DUPLICATE_METHOD_MATCH = YES;
				COPY_PHASE_STRIP = NO;
				DEBUG_INFORMATION_FORMAT = "dwarf-with-dsym";
				ENABLE_NS_ASSERTIONS = NO;
				ENABLE_STRICT_OBJC_MSGSEND = YES;
				GCC_C_LANGUAGE_STANDARD = gnu11;
				GCC_NO_COMMON_BLOCKS = YES;
				GCC_WARN_64_TO_32_BIT_CONVERSION = YES;
				GCC_WARN_ABOUT_RETURN_TYPE = YES_ERROR;
				GCC_WARN_UNDECLARED_SELECTOR = YES;
				GCC_WARN_UNINITIALIZED_AUTOS = YES_AGGRESSIVE;
				GCC_WARN_UNUSED_FUNCTION = YES;
				GCC_WARN_UNUSED_VARIABLE = YES;
				IPHONEOS_DEPLOYMENT_TARGET = 13.2;
				MTL_ENABLE_DEBUG_INFO = NO;
				MTL_FAST_MATH = YES;
				SDKROOT = iphoneos;
				SWIFT_COMPILATION_MODE = wholemodule;
				SWIFT_OPTIMIZATION_LEVEL = "-O";
				VALIDATE_PRODUCT = YES;
			};
			name = Release;
		};
		2CCD39E523DF89D800A66480 /* Debug */ = {
			isa = XCBuildConfiguration;
			buildSettings = {
				ASSETCATALOG_COMPILER_APPICON_NAME = AppIcon;
				CODE_SIGN_STYLE = Automatic;
				DEVELOPMENT_TEAM = W485VTCC9R;
				INFOPLIST_FILE = Journal/Info.plist;
				LD_RUNPATH_SEARCH_PATHS = (
					"$(inherited)",
					"@executable_path/Frameworks",
				);
				PRODUCT_BUNDLE_IDENTIFIER = com.tobikuyoro.Journal;
				PRODUCT_NAME = "$(TARGET_NAME)";
				SWIFT_VERSION = 5.0;
				TARGETED_DEVICE_FAMILY = "1,2";
			};
			name = Debug;
		};
		2CCD39E623DF89D800A66480 /* Release */ = {
			isa = XCBuildConfiguration;
			buildSettings = {
				ASSETCATALOG_COMPILER_APPICON_NAME = AppIcon;
				CODE_SIGN_STYLE = Automatic;
				DEVELOPMENT_TEAM = W485VTCC9R;
				INFOPLIST_FILE = Journal/Info.plist;
				LD_RUNPATH_SEARCH_PATHS = (
					"$(inherited)",
					"@executable_path/Frameworks",
				);
				PRODUCT_BUNDLE_IDENTIFIER = com.tobikuyoro.Journal;
				PRODUCT_NAME = "$(TARGET_NAME)";
				SWIFT_VERSION = 5.0;
				TARGETED_DEVICE_FAMILY = "1,2";
			};
			name = Release;
		};
/* End XCBuildConfiguration section */

/* Begin XCConfigurationList section */
		2CCD39CB23DF89D600A66480 /* Build configuration list for PBXProject "Journal" */ = {
			isa = XCConfigurationList;
			buildConfigurations = (
				2CCD39E223DF89D800A66480 /* Debug */,
				2CCD39E323DF89D800A66480 /* Release */,
			);
			defaultConfigurationIsVisible = 0;
			defaultConfigurationName = Release;
		};
		2CCD39E423DF89D800A66480 /* Build configuration list for PBXNativeTarget "Journal" */ = {
			isa = XCConfigurationList;
			buildConfigurations = (
				2CCD39E523DF89D800A66480 /* Debug */,
				2CCD39E623DF89D800A66480 /* Release */,
			);
			defaultConfigurationIsVisible = 0;
			defaultConfigurationName = Release;
		};
/* End XCConfigurationList section */

/* Begin XCVersionGroup section */
		2C3E100723DF975900E3CFF1 /* Entries.xcdatamodeld */ = {
			isa = XCVersionGroup;
			children = (
				2C3E100823DF975900E3CFF1 /* Entries.xcdatamodel */,
			);
			currentVersion = 2C3E100823DF975900E3CFF1 /* Entries.xcdatamodel */;
			path = Entries.xcdatamodeld;
			sourceTree = "<group>";
			versionGroupType = wrapper.xcdatamodel;
		};
/* End XCVersionGroup section */
	};
	rootObject = 2CCD39C823DF89D600A66480 /* Project object */;
}
