// !$*UTF8*$!
{
	archiveVersion = 1;
	classes = {
	};
	objectVersion = 50;
	objects = {

/* Begin PBXBuildFile section */
		E3C821592344E8DA00174A15 /* AppDelegate.swift in Sources */ = {isa = PBXBuildFile; fileRef = E3C821582344E8DA00174A15 /* AppDelegate.swift */; };
		E3C8215B2344E8DA00174A15 /* SceneDelegate.swift in Sources */ = {isa = PBXBuildFile; fileRef = E3C8215A2344E8DA00174A15 /* SceneDelegate.swift */; };
		E3C821602344E8DA00174A15 /* Main.storyboard in Resources */ = {isa = PBXBuildFile; fileRef = E3C8215E2344E8DA00174A15 /* Main.storyboard */; };
		E3C821622344E8DC00174A15 /* Assets.xcassets in Resources */ = {isa = PBXBuildFile; fileRef = E3C821612344E8DC00174A15 /* Assets.xcassets */; };
		E3C821652344E8DC00174A15 /* LaunchScreen.storyboard in Resources */ = {isa = PBXBuildFile; fileRef = E3C821632344E8DC00174A15 /* LaunchScreen.storyboard */; };
		E3C8216F2344F58F00174A15 /* JournalDetailViewController.swift in Sources */ = {isa = PBXBuildFile; fileRef = E3C8216E2344F58F00174A15 /* JournalDetailViewController.swift */; };
		E3C821712344F5A100174A15 /* JournalsTableViewController.swift in Sources */ = {isa = PBXBuildFile; fileRef = E3C821702344F5A100174A15 /* JournalsTableViewController.swift */; };
		E3C821742344F5C000174A15 /* Journals.xcdatamodeld in Sources */ = {isa = PBXBuildFile; fileRef = E3C821722344F5C000174A15 /* Journals.xcdatamodeld */; };
		E3C821762344F5E500174A15 /* CoreDataStack.swift in Sources */ = {isa = PBXBuildFile; fileRef = E3C821752344F5E500174A15 /* CoreDataStack.swift */; };
		E3C821782344F5FA00174A15 /* Journal+Convenience.swift in Sources */ = {isa = PBXBuildFile; fileRef = E3C821772344F5FA00174A15 /* Journal+Convenience.swift */; };
/* End PBXBuildFile section */

/* Begin PBXFileReference section */
		E3C821552344E8DA00174A15 /* Journal.app */ = {isa = PBXFileReference; explicitFileType = wrapper.application; includeInIndex = 0; path = Journal.app; sourceTree = BUILT_PRODUCTS_DIR; };
		E3C821582344E8DA00174A15 /* AppDelegate.swift */ = {isa = PBXFileReference; lastKnownFileType = sourcecode.swift; path = AppDelegate.swift; sourceTree = "<group>"; };
		E3C8215A2344E8DA00174A15 /* SceneDelegate.swift */ = {isa = PBXFileReference; lastKnownFileType = sourcecode.swift; path = SceneDelegate.swift; sourceTree = "<group>"; };
		E3C8215F2344E8DA00174A15 /* Base */ = {isa = PBXFileReference; lastKnownFileType = file.storyboard; name = Base; path = Base.lproj/Main.storyboard; sourceTree = "<group>"; };
		E3C821612344E8DC00174A15 /* Assets.xcassets */ = {isa = PBXFileReference; lastKnownFileType = folder.assetcatalog; path = Assets.xcassets; sourceTree = "<group>"; };
		E3C821642344E8DC00174A15 /* Base */ = {isa = PBXFileReference; lastKnownFileType = file.storyboard; name = Base; path = Base.lproj/LaunchScreen.storyboard; sourceTree = "<group>"; };
		E3C821662344E8DC00174A15 /* Info.plist */ = {isa = PBXFileReference; lastKnownFileType = text.plist.xml; path = Info.plist; sourceTree = "<group>"; };
		E3C8216E2344F58F00174A15 /* JournalDetailViewController.swift */ = {isa = PBXFileReference; lastKnownFileType = sourcecode.swift; path = JournalDetailViewController.swift; sourceTree = "<group>"; };
		E3C821702344F5A100174A15 /* JournalsTableViewController.swift */ = {isa = PBXFileReference; lastKnownFileType = sourcecode.swift; path = JournalsTableViewController.swift; sourceTree = "<group>"; };
		E3C821732344F5C000174A15 /* Journals.xcdatamodel */ = {isa = PBXFileReference; lastKnownFileType = wrapper.xcdatamodel; path = Journals.xcdatamodel; sourceTree = "<group>"; };
		E3C821752344F5E500174A15 /* CoreDataStack.swift */ = {isa = PBXFileReference; lastKnownFileType = sourcecode.swift; path = CoreDataStack.swift; sourceTree = "<group>"; };
		E3C821772344F5FA00174A15 /* Journal+Convenience.swift */ = {isa = PBXFileReference; lastKnownFileType = sourcecode.swift; path = "Journal+Convenience.swift"; sourceTree = "<group>"; };
/* End PBXFileReference section */

/* Begin PBXFrameworksBuildPhase section */
		E3C821522344E8DA00174A15 /* Frameworks */ = {
			isa = PBXFrameworksBuildPhase;
			buildActionMask = 2147483647;
			files = (
			);
			runOnlyForDeploymentPostprocessing = 0;
		};
/* End PBXFrameworksBuildPhase section */

/* Begin PBXGroup section */
		E3C8214C2344E8DA00174A15 = {
			isa = PBXGroup;
			children = (
				E3C821572344E8DA00174A15 /* Journal */,
				E3C821562344E8DA00174A15 /* Products */,
			);
			sourceTree = "<group>";
		};
		E3C821562344E8DA00174A15 /* Products */ = {
			isa = PBXGroup;
			children = (
				E3C821552344E8DA00174A15 /* Journal.app */,
			);
			name = Products;
			sourceTree = "<group>";
		};
		E3C821572344E8DA00174A15 /* Journal */ = {
			isa = PBXGroup;
			children = (
				E3C8216D2344F57300174A15 /* Models */,
				E3C8216C2344F56A00174A15 /* View Controllers */,
				E3C821582344E8DA00174A15 /* AppDelegate.swift */,
				E3C8215A2344E8DA00174A15 /* SceneDelegate.swift */,
				E3C8215E2344E8DA00174A15 /* Main.storyboard */,
				E3C821612344E8DC00174A15 /* Assets.xcassets */,
				E3C821632344E8DC00174A15 /* LaunchScreen.storyboard */,
				E3C821662344E8DC00174A15 /* Info.plist */,
			);
			path = Journal;
			sourceTree = "<group>";
		};
		E3C8216C2344F56A00174A15 /* View Controllers */ = {
			isa = PBXGroup;
			children = (
				E3C8216E2344F58F00174A15 /* JournalDetailViewController.swift */,
				E3C821702344F5A100174A15 /* JournalsTableViewController.swift */,
			);
			path = "View Controllers";
			sourceTree = "<group>";
		};
		E3C8216D2344F57300174A15 /* Models */ = {
			isa = PBXGroup;
			children = (
				E3C821722344F5C000174A15 /* Journals.xcdatamodeld */,
				E3C821752344F5E500174A15 /* CoreDataStack.swift */,
				E3C821772344F5FA00174A15 /* Journal+Convenience.swift */,
			);
			path = Models;
			sourceTree = "<group>";
		};
/* End PBXGroup section */

/* Begin PBXNativeTarget section */
		E3C821542344E8DA00174A15 /* Journal */ = {
			isa = PBXNativeTarget;
			buildConfigurationList = E3C821692344E8DC00174A15 /* Build configuration list for PBXNativeTarget "Journal" */;
			buildPhases = (
				E3C821512344E8DA00174A15 /* Sources */,
				E3C821522344E8DA00174A15 /* Frameworks */,
				E3C821532344E8DA00174A15 /* Resources */,
			);
			buildRules = (
			);
			dependencies = (
			);
			name = Journal;
			productName = Journal;
			productReference = E3C821552344E8DA00174A15 /* Journal.app */;
			productType = "com.apple.product-type.application";
		};
/* End PBXNativeTarget section */

/* Begin PBXProject section */
		E3C8214D2344E8DA00174A15 /* Project object */ = {
			isa = PBXProject;
			attributes = {
				LastSwiftUpdateCheck = 1100;
				LastUpgradeCheck = 1100;
				ORGANIZATIONNAME = "Vici Shaweddy";
				TargetAttributes = {
					E3C821542344E8DA00174A15 = {
						CreatedOnToolsVersion = 11.0;
					};
				};
			};
			buildConfigurationList = E3C821502344E8DA00174A15 /* Build configuration list for PBXProject "Journal" */;
			compatibilityVersion = "Xcode 9.3";
			developmentRegion = en;
			hasScannedForEncodings = 0;
			knownRegions = (
				en,
				Base,
			);
			mainGroup = E3C8214C2344E8DA00174A15;
			productRefGroup = E3C821562344E8DA00174A15 /* Products */;
			projectDirPath = "";
			projectRoot = "";
			targets = (
				E3C821542344E8DA00174A15 /* Journal */,
			);
		};
/* End PBXProject section */

/* Begin PBXResourcesBuildPhase section */
		E3C821532344E8DA00174A15 /* Resources */ = {
			isa = PBXResourcesBuildPhase;
			buildActionMask = 2147483647;
			files = (
				E3C821652344E8DC00174A15 /* LaunchScreen.storyboard in Resources */,
				E3C821622344E8DC00174A15 /* Assets.xcassets in Resources */,
				E3C821602344E8DA00174A15 /* Main.storyboard in Resources */,
			);
			runOnlyForDeploymentPostprocessing = 0;
		};
/* End PBXResourcesBuildPhase section */

/* Begin PBXSourcesBuildPhase section */
		E3C821512344E8DA00174A15 /* Sources */ = {
			isa = PBXSourcesBuildPhase;
			buildActionMask = 2147483647;
			files = (
				E3C821742344F5C000174A15 /* Journals.xcdatamodeld in Sources */,
				E3C821592344E8DA00174A15 /* AppDelegate.swift in Sources */,
				E3C8216F2344F58F00174A15 /* JournalDetailViewController.swift in Sources */,
				E3C821782344F5FA00174A15 /* Journal+Convenience.swift in Sources */,
				E3C821762344F5E500174A15 /* CoreDataStack.swift in Sources */,
				E3C8215B2344E8DA00174A15 /* SceneDelegate.swift in Sources */,
				E3C821712344F5A100174A15 /* JournalsTableViewController.swift in Sources */,
			);
			runOnlyForDeploymentPostprocessing = 0;
		};
/* End PBXSourcesBuildPhase section */

/* Begin PBXVariantGroup section */
		E3C8215E2344E8DA00174A15 /* Main.storyboard */ = {
			isa = PBXVariantGroup;
			children = (
				E3C8215F2344E8DA00174A15 /* Base */,
			);
			name = Main.storyboard;
			sourceTree = "<group>";
		};
		E3C821632344E8DC00174A15 /* LaunchScreen.storyboard */ = {
			isa = PBXVariantGroup;
			children = (
				E3C821642344E8DC00174A15 /* Base */,
			);
			name = LaunchScreen.storyboard;
			sourceTree = "<group>";
		};
/* End PBXVariantGroup section */

/* Begin XCBuildConfiguration section */
		E3C821672344E8DC00174A15 /* Debug */ = {
			isa = XCBuildConfiguration;
			buildSettings = {
				ALWAYS_SEARCH_USER_PATHS = NO;
				CLANG_ANALYZER_NONNULL = YES;
				CLANG_ANALYZER_NUMBER_OBJECT_CONVERSION = YES_AGGRESSIVE;
				CLANG_CXX_LANGUAGE_STANDARD = "gnu++14";
				CLANG_CXX_LIBRARY = "libc++";
				CLANG_ENABLE_MODULES = YES;
				CLANG_ENABLE_OBJC_ARC = YES;
				CLANG_ENABLE_OBJC_WEAK = YES;
				CLANG_WARN_BLOCK_CAPTURE_AUTORELEASING = YES;
				CLANG_WARN_BOOL_CONVERSION = YES;
				CLANG_WARN_COMMA = YES;
				CLANG_WARN_CONSTANT_CONVERSION = YES;
				CLANG_WARN_DEPRECATED_OBJC_IMPLEMENTATIONS = YES;
				CLANG_WARN_DIRECT_OBJC_ISA_USAGE = YES_ERROR;
				CLANG_WARN_DOCUMENTATION_COMMENTS = YES;
				CLANG_WARN_EMPTY_BODY = YES;
				CLANG_WARN_ENUM_CONVERSION = YES;
				CLANG_WARN_INFINITE_RECURSION = YES;
				CLANG_WARN_INT_CONVERSION = YES;
				CLANG_WARN_NON_LITERAL_NULL_CONVERSION = YES;
				CLANG_WARN_OBJC_IMPLICIT_RETAIN_SELF = YES;
				CLANG_WARN_OBJC_LITERAL_CONVERSION = YES;
				CLANG_WARN_OBJC_ROOT_CLASS = YES_ERROR;
				CLANG_WARN_RANGE_LOOP_ANALYSIS = YES;
				CLANG_WARN_STRICT_PROTOTYPES = YES;
				CLANG_WARN_SUSPICIOUS_MOVE = YES;
				CLANG_WARN_UNGUARDED_AVAILABILITY = YES_AGGRESSIVE;
				CLANG_WARN_UNREACHABLE_CODE = YES;
				CLANG_WARN__DUPLICATE_METHOD_MATCH = YES;
				COPY_PHASE_STRIP = NO;
				DEBUG_INFORMATION_FORMAT = dwarf;
				ENABLE_STRICT_OBJC_MSGSEND = YES;
				ENABLE_TESTABILITY = YES;
				GCC_C_LANGUAGE_STANDARD = gnu11;
				GCC_DYNAMIC_NO_PIC = NO;
				GCC_NO_COMMON_BLOCKS = YES;
				GCC_OPTIMIZATION_LEVEL = 0;
				GCC_PREPROCESSOR_DEFINITIONS = (
					"DEBUG=1",
					"$(inherited)",
				);
				GCC_WARN_64_TO_32_BIT_CONVERSION = YES;
				GCC_WARN_ABOUT_RETURN_TYPE = YES_ERROR;
				GCC_WARN_UNDECLARED_SELECTOR = YES;
				GCC_WARN_UNINITIALIZED_AUTOS = YES_AGGRESSIVE;
				GCC_WARN_UNUSED_FUNCTION = YES;
				GCC_WARN_UNUSED_VARIABLE = YES;
				IPHONEOS_DEPLOYMENT_TARGET = 13.0;
				MTL_ENABLE_DEBUG_INFO = INCLUDE_SOURCE;
				MTL_FAST_MATH = YES;
				ONLY_ACTIVE_ARCH = YES;
				SDKROOT = iphoneos;
				SWIFT_ACTIVE_COMPILATION_CONDITIONS = DEBUG;
				SWIFT_OPTIMIZATION_LEVEL = "-Onone";
			};
			name = Debug;
		};
		E3C821682344E8DC00174A15 /* Release */ = {
			isa = XCBuildConfiguration;
			buildSettings = {
				ALWAYS_SEARCH_USER_PATHS = NO;
				CLANG_ANALYZER_NONNULL = YES;
				CLANG_ANALYZER_NUMBER_OBJECT_CONVERSION = YES_AGGRESSIVE;
				CLANG_CXX_LANGUAGE_STANDARD = "gnu++14";
				CLANG_CXX_LIBRARY = "libc++";
				CLANG_ENABLE_MODULES = YES;
				CLANG_ENABLE_OBJC_ARC = YES;
				CLANG_ENABLE_OBJC_WEAK = YES;
				CLANG_WARN_BLOCK_CAPTURE_AUTORELEASING = YES;
				CLANG_WARN_BOOL_CONVERSION = YES;
				CLANG_WARN_COMMA = YES;
				CLANG_WARN_CONSTANT_CONVERSION = YES;
				CLANG_WARN_DEPRECATED_OBJC_IMPLEMENTATIONS = YES;
				CLANG_WARN_DIRECT_OBJC_ISA_USAGE = YES_ERROR;
				CLANG_WARN_DOCUMENTATION_COMMENTS = YES;
				CLANG_WARN_EMPTY_BODY = YES;
				CLANG_WARN_ENUM_CONVERSION = YES;
				CLANG_WARN_INFINITE_RECURSION = YES;
				CLANG_WARN_INT_CONVERSION = YES;
				CLANG_WARN_NON_LITERAL_NULL_CONVERSION = YES;
				CLANG_WARN_OBJC_IMPLICIT_RETAIN_SELF = YES;
				CLANG_WARN_OBJC_LITERAL_CONVERSION = YES;
				CLANG_WARN_OBJC_ROOT_CLASS = YES_ERROR;
				CLANG_WARN_RANGE_LOOP_ANALYSIS = YES;
				CLANG_WARN_STRICT_PROTOTYPES = YES;
				CLANG_WARN_SUSPICIOUS_MOVE = YES;
				CLANG_WARN_UNGUARDED_AVAILABILITY = YES_AGGRESSIVE;
				CLANG_WARN_UNREACHABLE_CODE = YES;
				CLANG_WARN__DUPLICATE_METHOD_MATCH = YES;
				COPY_PHASE_STRIP = NO;
				DEBUG_INFORMATION_FORMAT = "dwarf-with-dsym";
				ENABLE_NS_ASSERTIONS = NO;
				ENABLE_STRICT_OBJC_MSGSEND = YES;
				GCC_C_LANGUAGE_STANDARD = gnu11;
				GCC_NO_COMMON_BLOCKS = YES;
				GCC_WARN_64_TO_32_BIT_CONVERSION = YES;
				GCC_WARN_ABOUT_RETURN_TYPE = YES_ERROR;
				GCC_WARN_UNDECLARED_SELECTOR = YES;
				GCC_WARN_UNINITIALIZED_AUTOS = YES_AGGRESSIVE;
				GCC_WARN_UNUSED_FUNCTION = YES;
				GCC_WARN_UNUSED_VARIABLE = YES;
				IPHONEOS_DEPLOYMENT_TARGET = 13.0;
				MTL_ENABLE_DEBUG_INFO = NO;
				MTL_FAST_MATH = YES;
				SDKROOT = iphoneos;
				SWIFT_COMPILATION_MODE = wholemodule;
				SWIFT_OPTIMIZATION_LEVEL = "-O";
				VALIDATE_PRODUCT = YES;
			};
			name = Release;
		};
		E3C8216A2344E8DC00174A15 /* Debug */ = {
			isa = XCBuildConfiguration;
			buildSettings = {
				ASSETCATALOG_COMPILER_APPICON_NAME = AppIcon;
				CODE_SIGN_STYLE = Automatic;
				DEVELOPMENT_TEAM = ZYPH2NW7MY;
				INFOPLIST_FILE = Journal/Info.plist;
				LD_RUNPATH_SEARCH_PATHS = (
					"$(inherited)",
					"@executable_path/Frameworks",
				);
				PRODUCT_BUNDLE_IDENTIFIER = com.vicishaweddy.Journal;
				PRODUCT_NAME = "$(TARGET_NAME)";
				SWIFT_VERSION = 5.0;
				TARGETED_DEVICE_FAMILY = "1,2";
			};
			name = Debug;
		};
		E3C8216B2344E8DC00174A15 /* Release */ = {
			isa = XCBuildConfiguration;
			buildSettings = {
				ASSETCATALOG_COMPILER_APPICON_NAME = AppIcon;
				CODE_SIGN_STYLE = Automatic;
				DEVELOPMENT_TEAM = ZYPH2NW7MY;
				INFOPLIST_FILE = Journal/Info.plist;
				LD_RUNPATH_SEARCH_PATHS = (
					"$(inherited)",
					"@executable_path/Frameworks",
				);
				PRODUCT_BUNDLE_IDENTIFIER = com.vicishaweddy.Journal;
				PRODUCT_NAME = "$(TARGET_NAME)";
				SWIFT_VERSION = 5.0;
				TARGETED_DEVICE_FAMILY = "1,2";
			};
			name = Release;
		};
/* End XCBuildConfiguration section */

/* Begin XCConfigurationList section */
		E3C821502344E8DA00174A15 /* Build configuration list for PBXProject "Journal" */ = {
			isa = XCConfigurationList;
			buildConfigurations = (
				E3C821672344E8DC00174A15 /* Debug */,
				E3C821682344E8DC00174A15 /* Release */,
			);
			defaultConfigurationIsVisible = 0;
			defaultConfigurationName = Release;
		};
		E3C821692344E8DC00174A15 /* Build configuration list for PBXNativeTarget "Journal" */ = {
			isa = XCConfigurationList;
			buildConfigurations = (
				E3C8216A2344E8DC00174A15 /* Debug */,
				E3C8216B2344E8DC00174A15 /* Release */,
			);
			defaultConfigurationIsVisible = 0;
			defaultConfigurationName = Release;
		};
/* End XCConfigurationList section */

/* Begin XCVersionGroup section */
		E3C821722344F5C000174A15 /* Journals.xcdatamodeld */ = {
			isa = XCVersionGroup;
			children = (
				E3C821732344F5C000174A15 /* Journals.xcdatamodel */,
			);
			currentVersion = E3C821732344F5C000174A15 /* Journals.xcdatamodel */;
			path = Journals.xcdatamodeld;
			sourceTree = "<group>";
			versionGroupType = wrapper.xcdatamodel;
		};
/* End XCVersionGroup section */
	};
	rootObject = E3C8214D2344E8DA00174A15 /* Project object */;
}
