// !$*UTF8*$!
{
	archiveVersion = 1;
	classes = {
	};
	objectVersion = 50;
	objects = {

/* Begin PBXBuildFile section */
		377932B0230B3C29002EF6CF /* AppDelegate.swift in Sources */ = {isa = PBXBuildFile; fileRef = 377932AF230B3C29002EF6CF /* AppDelegate.swift */; };
		377932B5230B3C29002EF6CF /* Main.storyboard in Resources */ = {isa = PBXBuildFile; fileRef = 377932B3230B3C29002EF6CF /* Main.storyboard */; };
		377932B7230B3C2A002EF6CF /* Assets.xcassets in Resources */ = {isa = PBXBuildFile; fileRef = 377932B6230B3C2A002EF6CF /* Assets.xcassets */; };
		377932BA230B3C2A002EF6CF /* LaunchScreen.storyboard in Resources */ = {isa = PBXBuildFile; fileRef = 377932B8230B3C2A002EF6CF /* LaunchScreen.storyboard */; };
		377932C2230B4552002EF6CF /* EntryDetailViewController.swift in Sources */ = {isa = PBXBuildFile; fileRef = 377932C1230B4552002EF6CF /* EntryDetailViewController.swift */; };
		377932C4230B4569002EF6CF /* EntriesTableViewController.swift in Sources */ = {isa = PBXBuildFile; fileRef = 377932C3230B4569002EF6CF /* EntriesTableViewController.swift */; };
		377932C6230B457D002EF6CF /* EntryTableViewCell.swift in Sources */ = {isa = PBXBuildFile; fileRef = 377932C5230B457D002EF6CF /* EntryTableViewCell.swift */; };
		377932D3230B4936002EF6CF /* Entry+Convenience.swift in Sources */ = {isa = PBXBuildFile; fileRef = 377932D2230B4936002EF6CF /* Entry+Convenience.swift */; };
		377932D6230B4EE5002EF6CF /* Entry.xcdatamodeld in Sources */ = {isa = PBXBuildFile; fileRef = 377932D4230B4EE5002EF6CF /* Entry.xcdatamodeld */; };
		377932D8230B5033002EF6CF /* EntryController.swift in Sources */ = {isa = PBXBuildFile; fileRef = 377932D7230B5033002EF6CF /* EntryController.swift */; };
		377932DA230B53F4002EF6CF /* CoreDataStack.swift in Sources */ = {isa = PBXBuildFile; fileRef = 377932D9230B53F4002EF6CF /* CoreDataStack.swift */; };
		377932DF230CC5DB002EF6CF /* UINavigationController+StatusBar.swift in Sources */ = {isa = PBXBuildFile; fileRef = 377932DE230CC5DB002EF6CF /* UINavigationController+StatusBar.swift */; };
/* End PBXBuildFile section */

/* Begin PBXFileReference section */
		377932AC230B3C29002EF6CF /* Journal-CoreData.app */ = {isa = PBXFileReference; explicitFileType = wrapper.application; includeInIndex = 0; path = "Journal-CoreData.app"; sourceTree = BUILT_PRODUCTS_DIR; };
		377932AF230B3C29002EF6CF /* AppDelegate.swift */ = {isa = PBXFileReference; lastKnownFileType = sourcecode.swift; path = AppDelegate.swift; sourceTree = "<group>"; };
		377932B4230B3C29002EF6CF /* Base */ = {isa = PBXFileReference; lastKnownFileType = file.storyboard; name = Base; path = Base.lproj/Main.storyboard; sourceTree = "<group>"; };
		377932B6230B3C2A002EF6CF /* Assets.xcassets */ = {isa = PBXFileReference; lastKnownFileType = folder.assetcatalog; path = Assets.xcassets; sourceTree = "<group>"; };
		377932B9230B3C2A002EF6CF /* Base */ = {isa = PBXFileReference; lastKnownFileType = file.storyboard; name = Base; path = Base.lproj/LaunchScreen.storyboard; sourceTree = "<group>"; };
		377932BB230B3C2A002EF6CF /* Info.plist */ = {isa = PBXFileReference; lastKnownFileType = text.plist.xml; path = Info.plist; sourceTree = "<group>"; };
		377932C1230B4552002EF6CF /* EntryDetailViewController.swift */ = {isa = PBXFileReference; lastKnownFileType = sourcecode.swift; path = EntryDetailViewController.swift; sourceTree = "<group>"; };
		377932C3230B4569002EF6CF /* EntriesTableViewController.swift */ = {isa = PBXFileReference; lastKnownFileType = sourcecode.swift; path = EntriesTableViewController.swift; sourceTree = "<group>"; };
		377932C5230B457D002EF6CF /* EntryTableViewCell.swift */ = {isa = PBXFileReference; lastKnownFileType = sourcecode.swift; path = EntryTableViewCell.swift; sourceTree = "<group>"; };
		377932D2230B4936002EF6CF /* Entry+Convenience.swift */ = {isa = PBXFileReference; lastKnownFileType = sourcecode.swift; path = "Entry+Convenience.swift"; sourceTree = "<group>"; };
		377932D5230B4EE5002EF6CF /* Entry.xcdatamodel */ = {isa = PBXFileReference; lastKnownFileType = wrapper.xcdatamodel; path = Entry.xcdatamodel; sourceTree = "<group>"; };
		377932D7230B5033002EF6CF /* EntryController.swift */ = {isa = PBXFileReference; lastKnownFileType = sourcecode.swift; path = EntryController.swift; sourceTree = "<group>"; };
		377932D9230B53F4002EF6CF /* CoreDataStack.swift */ = {isa = PBXFileReference; lastKnownFileType = sourcecode.swift; path = CoreDataStack.swift; sourceTree = "<group>"; };
		377932DD230C94EE002EF6CF /* Entry 2.xcdatamodel */ = {isa = PBXFileReference; lastKnownFileType = wrapper.xcdatamodel; path = "Entry 2.xcdatamodel"; sourceTree = "<group>"; };
		377932DE230CC5DB002EF6CF /* UINavigationController+StatusBar.swift */ = {isa = PBXFileReference; lastKnownFileType = sourcecode.swift; path = "UINavigationController+StatusBar.swift"; sourceTree = "<group>"; };
/* End PBXFileReference section */

/* Begin PBXFrameworksBuildPhase section */
		377932A9230B3C29002EF6CF /* Frameworks */ = {
			isa = PBXFrameworksBuildPhase;
			buildActionMask = 2147483647;
			files = (
			);
			runOnlyForDeploymentPostprocessing = 0;
		};
/* End PBXFrameworksBuildPhase section */

/* Begin PBXGroup section */
		377932A3230B3C29002EF6CF = {
			isa = PBXGroup;
			children = (
				377932AE230B3C29002EF6CF /* Journal-CoreData */,
				377932AD230B3C29002EF6CF /* Products */,
			);
			sourceTree = "<group>";
		};
		377932AD230B3C29002EF6CF /* Products */ = {
			isa = PBXGroup;
			children = (
				377932AC230B3C29002EF6CF /* Journal-CoreData.app */,
			);
			name = Products;
			sourceTree = "<group>";
		};
		377932AE230B3C29002EF6CF /* Journal-CoreData */ = {
			isa = PBXGroup;
			children = (
				377932AF230B3C29002EF6CF /* AppDelegate.swift */,
				377932C9230B480E002EF6CF /* Storyboards */,
				377932C7230B47EB002EF6CF /* ViewControllers */,
				377932C8230B4802002EF6CF /* Views */,
				377932DB230B5B05002EF6CF /* ModelController */,
				377932CD230B4835002EF6CF /* Model */,
				377932E0230CC5F4002EF6CF /* Helpers */,
				377932B6230B3C2A002EF6CF /* Assets.xcassets */,
				377932BB230B3C2A002EF6CF /* Info.plist */,
			);
			path = "Journal-CoreData";
			sourceTree = "<group>";
		};
		377932C7230B47EB002EF6CF /* ViewControllers */ = {
			isa = PBXGroup;
			children = (
				377932C3230B4569002EF6CF /* EntriesTableViewController.swift */,
				377932C1230B4552002EF6CF /* EntryDetailViewController.swift */,
			);
			path = ViewControllers;
			sourceTree = "<group>";
		};
		377932C8230B4802002EF6CF /* Views */ = {
			isa = PBXGroup;
			children = (
				377932C5230B457D002EF6CF /* EntryTableViewCell.swift */,
			);
			path = Views;
			sourceTree = "<group>";
		};
		377932C9230B480E002EF6CF /* Storyboards */ = {
			isa = PBXGroup;
			children = (
				377932B3230B3C29002EF6CF /* Main.storyboard */,
				377932B8230B3C2A002EF6CF /* LaunchScreen.storyboard */,
			);
			path = Storyboards;
			sourceTree = "<group>";
		};
		377932CD230B4835002EF6CF /* Model */ = {
			isa = PBXGroup;
			children = (
				377932D2230B4936002EF6CF /* Entry+Convenience.swift */,
				377932D9230B53F4002EF6CF /* CoreDataStack.swift */,
				377932D4230B4EE5002EF6CF /* Entry.xcdatamodeld */,
			);
			path = Model;
			sourceTree = "<group>";
		};
		377932DB230B5B05002EF6CF /* ModelController */ = {
			isa = PBXGroup;
			children = (
				377932D7230B5033002EF6CF /* EntryController.swift */,
			);
			path = ModelController;
			sourceTree = "<group>";
		};
		377932E0230CC5F4002EF6CF /* Helpers */ = {
			isa = PBXGroup;
			children = (
				377932DE230CC5DB002EF6CF /* UINavigationController+StatusBar.swift */,
			);
			path = Helpers;
			sourceTree = "<group>";
		};
/* End PBXGroup section */

/* Begin PBXNativeTarget section */
		377932AB230B3C29002EF6CF /* Journal-CoreData */ = {
			isa = PBXNativeTarget;
			buildConfigurationList = 377932BE230B3C2A002EF6CF /* Build configuration list for PBXNativeTarget "Journal-CoreData" */;
			buildPhases = (
				377932A8230B3C29002EF6CF /* Sources */,
				377932A9230B3C29002EF6CF /* Frameworks */,
				377932AA230B3C29002EF6CF /* Resources */,
			);
			buildRules = (
			);
			dependencies = (
			);
			name = "Journal-CoreData";
			productName = "Journal-CoreData";
			productReference = 377932AC230B3C29002EF6CF /* Journal-CoreData.app */;
			productType = "com.apple.product-type.application";
		};
/* End PBXNativeTarget section */

/* Begin PBXProject section */
		377932A4230B3C29002EF6CF /* Project object */ = {
			isa = PBXProject;
			attributes = {
				LastSwiftUpdateCheck = 1030;
				LastUpgradeCheck = 1030;
				ORGANIZATIONNAME = "Marlon Raskin";
				TargetAttributes = {
					377932AB230B3C29002EF6CF = {
						CreatedOnToolsVersion = 10.3;
					};
				};
			};
			buildConfigurationList = 377932A7230B3C29002EF6CF /* Build configuration list for PBXProject "Journal-CoreData" */;
			compatibilityVersion = "Xcode 9.3";
			developmentRegion = en;
			hasScannedForEncodings = 0;
			knownRegions = (
				en,
				Base,
			);
			mainGroup = 377932A3230B3C29002EF6CF;
			productRefGroup = 377932AD230B3C29002EF6CF /* Products */;
			projectDirPath = "";
			projectRoot = "";
			targets = (
				377932AB230B3C29002EF6CF /* Journal-CoreData */,
			);
		};
/* End PBXProject section */

/* Begin PBXResourcesBuildPhase section */
		377932AA230B3C29002EF6CF /* Resources */ = {
			isa = PBXResourcesBuildPhase;
			buildActionMask = 2147483647;
			files = (
				377932BA230B3C2A002EF6CF /* LaunchScreen.storyboard in Resources */,
				377932B7230B3C2A002EF6CF /* Assets.xcassets in Resources */,
				377932B5230B3C29002EF6CF /* Main.storyboard in Resources */,
			);
			runOnlyForDeploymentPostprocessing = 0;
		};
/* End PBXResourcesBuildPhase section */

/* Begin PBXSourcesBuildPhase section */
		377932A8230B3C29002EF6CF /* Sources */ = {
			isa = PBXSourcesBuildPhase;
			buildActionMask = 2147483647;
			files = (
				377932D6230B4EE5002EF6CF /* Entry.xcdatamodeld in Sources */,
				377932C6230B457D002EF6CF /* EntryTableViewCell.swift in Sources */,
				377932D8230B5033002EF6CF /* EntryController.swift in Sources */,
				377932C4230B4569002EF6CF /* EntriesTableViewController.swift in Sources */,
				377932DF230CC5DB002EF6CF /* UINavigationController+StatusBar.swift in Sources */,
				377932C2230B4552002EF6CF /* EntryDetailViewController.swift in Sources */,
				377932D3230B4936002EF6CF /* Entry+Convenience.swift in Sources */,
				377932B0230B3C29002EF6CF /* AppDelegate.swift in Sources */,
				377932DA230B53F4002EF6CF /* CoreDataStack.swift in Sources */,
			);
			runOnlyForDeploymentPostprocessing = 0;
		};
/* End PBXSourcesBuildPhase section */

/* Begin PBXVariantGroup section */
		377932B3230B3C29002EF6CF /* Main.storyboard */ = {
			isa = PBXVariantGroup;
			children = (
				377932B4230B3C29002EF6CF /* Base */,
			);
			name = Main.storyboard;
			sourceTree = "<group>";
		};
		377932B8230B3C2A002EF6CF /* LaunchScreen.storyboard */ = {
			isa = PBXVariantGroup;
			children = (
				377932B9230B3C2A002EF6CF /* Base */,
			);
			name = LaunchScreen.storyboard;
			sourceTree = "<group>";
		};
/* End PBXVariantGroup section */

/* Begin XCBuildConfiguration section */
		377932BC230B3C2A002EF6CF /* Debug */ = {
			isa = XCBuildConfiguration;
			buildSettings = {
				ALWAYS_SEARCH_USER_PATHS = NO;
				CLANG_ANALYZER_NONNULL = YES;
				CLANG_ANALYZER_NUMBER_OBJECT_CONVERSION = YES_AGGRESSIVE;
				CLANG_CXX_LANGUAGE_STANDARD = "gnu++14";
				CLANG_CXX_LIBRARY = "libc++";
				CLANG_ENABLE_MODULES = YES;
				CLANG_ENABLE_OBJC_ARC = YES;
				CLANG_ENABLE_OBJC_WEAK = YES;
				CLANG_WARN_BLOCK_CAPTURE_AUTORELEASING = YES;
				CLANG_WARN_BOOL_CONVERSION = YES;
				CLANG_WARN_COMMA = YES;
				CLANG_WARN_CONSTANT_CONVERSION = YES;
				CLANG_WARN_DEPRECATED_OBJC_IMPLEMENTATIONS = YES;
				CLANG_WARN_DIRECT_OBJC_ISA_USAGE = YES_ERROR;
				CLANG_WARN_DOCUMENTATION_COMMENTS = YES;
				CLANG_WARN_EMPTY_BODY = YES;
				CLANG_WARN_ENUM_CONVERSION = YES;
				CLANG_WARN_INFINITE_RECURSION = YES;
				CLANG_WARN_INT_CONVERSION = YES;
				CLANG_WARN_NON_LITERAL_NULL_CONVERSION = YES;
				CLANG_WARN_OBJC_IMPLICIT_RETAIN_SELF = YES;
				CLANG_WARN_OBJC_LITERAL_CONVERSION = YES;
				CLANG_WARN_OBJC_ROOT_CLASS = YES_ERROR;
				CLANG_WARN_RANGE_LOOP_ANALYSIS = YES;
				CLANG_WARN_STRICT_PROTOTYPES = YES;
				CLANG_WARN_SUSPICIOUS_MOVE = YES;
				CLANG_WARN_UNGUARDED_AVAILABILITY = YES_AGGRESSIVE;
				CLANG_WARN_UNREACHABLE_CODE = YES;
				CLANG_WARN__DUPLICATE_METHOD_MATCH = YES;
				CODE_SIGN_IDENTITY = "iPhone Developer";
				COPY_PHASE_STRIP = NO;
				DEBUG_INFORMATION_FORMAT = dwarf;
				ENABLE_STRICT_OBJC_MSGSEND = YES;
				ENABLE_TESTABILITY = YES;
				GCC_C_LANGUAGE_STANDARD = gnu11;
				GCC_DYNAMIC_NO_PIC = NO;
				GCC_NO_COMMON_BLOCKS = YES;
				GCC_OPTIMIZATION_LEVEL = 0;
				GCC_PREPROCESSOR_DEFINITIONS = (
					"DEBUG=1",
					"$(inherited)",
				);
				GCC_WARN_64_TO_32_BIT_CONVERSION = YES;
				GCC_WARN_ABOUT_RETURN_TYPE = YES_ERROR;
				GCC_WARN_UNDECLARED_SELECTOR = YES;
				GCC_WARN_UNINITIALIZED_AUTOS = YES_AGGRESSIVE;
				GCC_WARN_UNUSED_FUNCTION = YES;
				GCC_WARN_UNUSED_VARIABLE = YES;
				IPHONEOS_DEPLOYMENT_TARGET = 12.4;
				MTL_ENABLE_DEBUG_INFO = INCLUDE_SOURCE;
				MTL_FAST_MATH = YES;
				ONLY_ACTIVE_ARCH = YES;
				SDKROOT = iphoneos;
				SWIFT_ACTIVE_COMPILATION_CONDITIONS = DEBUG;
				SWIFT_OPTIMIZATION_LEVEL = "-Onone";
			};
			name = Debug;
		};
		377932BD230B3C2A002EF6CF /* Release */ = {
			isa = XCBuildConfiguration;
			buildSettings = {
				ALWAYS_SEARCH_USER_PATHS = NO;
				CLANG_ANALYZER_NONNULL = YES;
				CLANG_ANALYZER_NUMBER_OBJECT_CONVERSION = YES_AGGRESSIVE;
				CLANG_CXX_LANGUAGE_STANDARD = "gnu++14";
				CLANG_CXX_LIBRARY = "libc++";
				CLANG_ENABLE_MODULES = YES;
				CLANG_ENABLE_OBJC_ARC = YES;
				CLANG_ENABLE_OBJC_WEAK = YES;
				CLANG_WARN_BLOCK_CAPTURE_AUTORELEASING = YES;
				CLANG_WARN_BOOL_CONVERSION = YES;
				CLANG_WARN_COMMA = YES;
				CLANG_WARN_CONSTANT_CONVERSION = YES;
				CLANG_WARN_DEPRECATED_OBJC_IMPLEMENTATIONS = YES;
				CLANG_WARN_DIRECT_OBJC_ISA_USAGE = YES_ERROR;
				CLANG_WARN_DOCUMENTATION_COMMENTS = YES;
				CLANG_WARN_EMPTY_BODY = YES;
				CLANG_WARN_ENUM_CONVERSION = YES;
				CLANG_WARN_INFINITE_RECURSION = YES;
				CLANG_WARN_INT_CONVERSION = YES;
				CLANG_WARN_NON_LITERAL_NULL_CONVERSION = YES;
				CLANG_WARN_OBJC_IMPLICIT_RETAIN_SELF = YES;
				CLANG_WARN_OBJC_LITERAL_CONVERSION = YES;
				CLANG_WARN_OBJC_ROOT_CLASS = YES_ERROR;
				CLANG_WARN_RANGE_LOOP_ANALYSIS = YES;
				CLANG_WARN_STRICT_PROTOTYPES = YES;
				CLANG_WARN_SUSPICIOUS_MOVE = YES;
				CLANG_WARN_UNGUARDED_AVAILABILITY = YES_AGGRESSIVE;
				CLANG_WARN_UNREACHABLE_CODE = YES;
				CLANG_WARN__DUPLICATE_METHOD_MATCH = YES;
				CODE_SIGN_IDENTITY = "iPhone Developer";
				COPY_PHASE_STRIP = NO;
				DEBUG_INFORMATION_FORMAT = "dwarf-with-dsym";
				ENABLE_NS_ASSERTIONS = NO;
				ENABLE_STRICT_OBJC_MSGSEND = YES;
				GCC_C_LANGUAGE_STANDARD = gnu11;
				GCC_NO_COMMON_BLOCKS = YES;
				GCC_WARN_64_TO_32_BIT_CONVERSION = YES;
				GCC_WARN_ABOUT_RETURN_TYPE = YES_ERROR;
				GCC_WARN_UNDECLARED_SELECTOR = YES;
				GCC_WARN_UNINITIALIZED_AUTOS = YES_AGGRESSIVE;
				GCC_WARN_UNUSED_FUNCTION = YES;
				GCC_WARN_UNUSED_VARIABLE = YES;
				IPHONEOS_DEPLOYMENT_TARGET = 12.4;
				MTL_ENABLE_DEBUG_INFO = NO;
				MTL_FAST_MATH = YES;
				SDKROOT = iphoneos;
				SWIFT_COMPILATION_MODE = wholemodule;
				SWIFT_OPTIMIZATION_LEVEL = "-O";
				VALIDATE_PRODUCT = YES;
			};
			name = Release;
		};
		377932BF230B3C2A002EF6CF /* Debug */ = {
			isa = XCBuildConfiguration;
			buildSettings = {
				ASSETCATALOG_COMPILER_APPICON_NAME = AppIcon;
				CODE_SIGN_STYLE = Automatic;
				DEVELOPMENT_TEAM = D6VB3396MT;
				INFOPLIST_FILE = "Journal-CoreData/Info.plist";
				LD_RUNPATH_SEARCH_PATHS = (
					"$(inherited)",
					"@executable_path/Frameworks",
				);
				PRODUCT_BUNDLE_IDENTIFIER = "com.marlonraskin.Journal-CoreData";
				PRODUCT_NAME = "$(TARGET_NAME)";
				SWIFT_VERSION = 5.0;
				TARGETED_DEVICE_FAMILY = "1,2";
			};
			name = Debug;
		};
		377932C0230B3C2A002EF6CF /* Release */ = {
			isa = XCBuildConfiguration;
			buildSettings = {
				ASSETCATALOG_COMPILER_APPICON_NAME = AppIcon;
				CODE_SIGN_STYLE = Automatic;
				DEVELOPMENT_TEAM = D6VB3396MT;
				INFOPLIST_FILE = "Journal-CoreData/Info.plist";
				LD_RUNPATH_SEARCH_PATHS = (
					"$(inherited)",
					"@executable_path/Frameworks",
				);
				PRODUCT_BUNDLE_IDENTIFIER = "com.marlonraskin.Journal-CoreData";
				PRODUCT_NAME = "$(TARGET_NAME)";
				SWIFT_VERSION = 5.0;
				TARGETED_DEVICE_FAMILY = "1,2";
			};
			name = Release;
		};
/* End XCBuildConfiguration section */

/* Begin XCConfigurationList section */
		377932A7230B3C29002EF6CF /* Build configuration list for PBXProject "Journal-CoreData" */ = {
			isa = XCConfigurationList;
			buildConfigurations = (
				377932BC230B3C2A002EF6CF /* Debug */,
				377932BD230B3C2A002EF6CF /* Release */,
			);
			defaultConfigurationIsVisible = 0;
			defaultConfigurationName = Release;
		};
		377932BE230B3C2A002EF6CF /* Build configuration list for PBXNativeTarget "Journal-CoreData" */ = {
			isa = XCConfigurationList;
			buildConfigurations = (
				377932BF230B3C2A002EF6CF /* Debug */,
				377932C0230B3C2A002EF6CF /* Release */,
			);
			defaultConfigurationIsVisible = 0;
			defaultConfigurationName = Release;
		};
/* End XCConfigurationList section */

/* Begin XCVersionGroup section */
		377932D4230B4EE5002EF6CF /* Entry.xcdatamodeld */ = {
			isa = XCVersionGroup;
			children = (
				377932DD230C94EE002EF6CF /* Entry 2.xcdatamodel */,
				377932D5230B4EE5002EF6CF /* Entry.xcdatamodel */,
			);
			currentVersion = 377932DD230C94EE002EF6CF /* Entry 2.xcdatamodel */;
			path = Entry.xcdatamodeld;
			sourceTree = "<group>";
			versionGroupType = wrapper.xcdatamodel;
		};
/* End XCVersionGroup section */
	};
	rootObject = 377932A4230B3C29002EF6CF /* Project object */;
}
