// !$*UTF8*$!
{
	archiveVersion = 1;
	classes = {
	};
	objectVersion = 50;
	objects = {

/* Begin PBXBuildFile section */
		9CE9ABB124294C940078B0C5 /* AppDelegate.swift in Sources */ = {isa = PBXBuildFile; fileRef = 9CE9ABB024294C940078B0C5 /* AppDelegate.swift */; };
		9CE9ABB324294C940078B0C5 /* SceneDelegate.swift in Sources */ = {isa = PBXBuildFile; fileRef = 9CE9ABB224294C940078B0C5 /* SceneDelegate.swift */; };
		9CE9ABB524294C940078B0C5 /* EntryDetailViewController.swift in Sources */ = {isa = PBXBuildFile; fileRef = 9CE9ABB424294C940078B0C5 /* EntryDetailViewController.swift */; };
		9CE9ABB824294C940078B0C5 /* Main.storyboard in Resources */ = {isa = PBXBuildFile; fileRef = 9CE9ABB624294C940078B0C5 /* Main.storyboard */; };
		9CE9ABBA24294C960078B0C5 /* Assets.xcassets in Resources */ = {isa = PBXBuildFile; fileRef = 9CE9ABB924294C960078B0C5 /* Assets.xcassets */; };
		9CE9ABBD24294C960078B0C5 /* LaunchScreen.storyboard in Resources */ = {isa = PBXBuildFile; fileRef = 9CE9ABBB24294C960078B0C5 /* LaunchScreen.storyboard */; };
		9CE9ABC524294DF50078B0C5 /* EntriesTableViewController.swift in Sources */ = {isa = PBXBuildFile; fileRef = 9CE9ABC424294DF50078B0C5 /* EntriesTableViewController.swift */; };
		9CE9ABC724294E860078B0C5 /* EntryTableViewCell.swift in Sources */ = {isa = PBXBuildFile; fileRef = 9CE9ABC624294E860078B0C5 /* EntryTableViewCell.swift */; };
		9CE9ABCE2429528F0078B0C5 /* CoreDataStack.swift in Sources */ = {isa = PBXBuildFile; fileRef = 9CE9ABCD2429528F0078B0C5 /* CoreDataStack.swift */; };
		9CE9ABD4242954600078B0C5 /* Entries.xcdatamodeld in Sources */ = {isa = PBXBuildFile; fileRef = 9CE9ABD2242954600078B0C5 /* Entries.xcdatamodeld */; };
		9CE9ABD624295DB70078B0C5 /* Entry+Convenience.swift in Sources */ = {isa = PBXBuildFile; fileRef = 9CE9ABD524295DB60078B0C5 /* Entry+Convenience.swift */; };
		9CE9ABDC242963D50078B0C5 /* EntryController.swift in Sources */ = {isa = PBXBuildFile; fileRef = 9CE9ABDB242963D50078B0C5 /* EntryController.swift */; };
/* End PBXBuildFile section */

/* Begin PBXFileReference section */
		9C5A81C0242AA3C800821DBB /* Entries 2.xcdatamodel */ = {isa = PBXFileReference; lastKnownFileType = wrapper.xcdatamodel; path = "Entries 2.xcdatamodel"; sourceTree = "<group>"; };
		9CE9ABAD24294C940078B0C5 /* journal-coredata.app */ = {isa = PBXFileReference; explicitFileType = wrapper.application; includeInIndex = 0; path = "journal-coredata.app"; sourceTree = BUILT_PRODUCTS_DIR; };
		9CE9ABB024294C940078B0C5 /* AppDelegate.swift */ = {isa = PBXFileReference; lastKnownFileType = sourcecode.swift; path = AppDelegate.swift; sourceTree = "<group>"; };
		9CE9ABB224294C940078B0C5 /* SceneDelegate.swift */ = {isa = PBXFileReference; lastKnownFileType = sourcecode.swift; path = SceneDelegate.swift; sourceTree = "<group>"; };
		9CE9ABB424294C940078B0C5 /* EntryDetailViewController.swift */ = {isa = PBXFileReference; lastKnownFileType = sourcecode.swift; path = EntryDetailViewController.swift; sourceTree = "<group>"; };
		9CE9ABB724294C940078B0C5 /* Base */ = {isa = PBXFileReference; lastKnownFileType = file.storyboard; name = Base; path = Base.lproj/Main.storyboard; sourceTree = "<group>"; };
		9CE9ABB924294C960078B0C5 /* Assets.xcassets */ = {isa = PBXFileReference; lastKnownFileType = folder.assetcatalog; path = Assets.xcassets; sourceTree = "<group>"; };
		9CE9ABBC24294C960078B0C5 /* Base */ = {isa = PBXFileReference; lastKnownFileType = file.storyboard; name = Base; path = Base.lproj/LaunchScreen.storyboard; sourceTree = "<group>"; };
		9CE9ABBE24294C960078B0C5 /* Info.plist */ = {isa = PBXFileReference; lastKnownFileType = text.plist.xml; path = Info.plist; sourceTree = "<group>"; };
		9CE9ABC424294DF50078B0C5 /* EntriesTableViewController.swift */ = {isa = PBXFileReference; lastKnownFileType = sourcecode.swift; path = EntriesTableViewController.swift; sourceTree = "<group>"; };
		9CE9ABC624294E860078B0C5 /* EntryTableViewCell.swift */ = {isa = PBXFileReference; lastKnownFileType = sourcecode.swift; path = EntryTableViewCell.swift; sourceTree = "<group>"; };
		9CE9ABCD2429528F0078B0C5 /* CoreDataStack.swift */ = {isa = PBXFileReference; lastKnownFileType = sourcecode.swift; path = CoreDataStack.swift; sourceTree = "<group>"; };
		9CE9ABD3242954600078B0C5 /* Entries.xcdatamodel */ = {isa = PBXFileReference; lastKnownFileType = wrapper.xcdatamodel; path = Entries.xcdatamodel; sourceTree = "<group>"; };
		9CE9ABD524295DB60078B0C5 /* Entry+Convenience.swift */ = {isa = PBXFileReference; lastKnownFileType = sourcecode.swift; path = "Entry+Convenience.swift"; sourceTree = "<group>"; };
		9CE9ABDB242963D50078B0C5 /* EntryController.swift */ = {isa = PBXFileReference; lastKnownFileType = sourcecode.swift; path = EntryController.swift; sourceTree = "<group>"; };
/* End PBXFileReference section */

/* Begin PBXFrameworksBuildPhase section */
		9CE9ABAA24294C940078B0C5 /* Frameworks */ = {
			isa = PBXFrameworksBuildPhase;
			buildActionMask = 2147483647;
			files = (
			);
			runOnlyForDeploymentPostprocessing = 0;
		};
/* End PBXFrameworksBuildPhase section */

/* Begin PBXGroup section */
		9CE9ABA424294C940078B0C5 = {
			isa = PBXGroup;
			children = (
				9CE9ABAF24294C940078B0C5 /* journal-coredata */,
				9CE9ABAE24294C940078B0C5 /* Products */,
			);
			sourceTree = "<group>";
		};
		9CE9ABAE24294C940078B0C5 /* Products */ = {
			isa = PBXGroup;
			children = (
				9CE9ABAD24294C940078B0C5 /* journal-coredata.app */,
			);
			name = Products;
			sourceTree = "<group>";
		};
		9CE9ABAF24294C940078B0C5 /* journal-coredata */ = {
			isa = PBXGroup;
			children = (
				9CE9ABDA242963C10078B0C5 /* Model Controllers */,
				9CE9ABCC242952830078B0C5 /* Models */,
				9CE9ABC82429523B0078B0C5 /* Application */,
				9CE9ABCB2429526E0078B0C5 /* View Controllers */,
				9CE9ABC9242952550078B0C5 /* Storyboards */,
				9CE9ABCA242952640078B0C5 /* Views */,
				9CE9ABB924294C960078B0C5 /* Assets.xcassets */,
				9CE9ABBE24294C960078B0C5 /* Info.plist */,
			);
			path = "journal-coredata";
			sourceTree = "<group>";
		};
		9CE9ABC82429523B0078B0C5 /* Application */ = {
			isa = PBXGroup;
			children = (
				9CE9ABB024294C940078B0C5 /* AppDelegate.swift */,
				9CE9ABB224294C940078B0C5 /* SceneDelegate.swift */,
			);
			path = Application;
			sourceTree = "<group>";
		};
		9CE9ABC9242952550078B0C5 /* Storyboards */ = {
			isa = PBXGroup;
			children = (
				9CE9ABB624294C940078B0C5 /* Main.storyboard */,
				9CE9ABBB24294C960078B0C5 /* LaunchScreen.storyboard */,
			);
			path = Storyboards;
			sourceTree = "<group>";
		};
		9CE9ABCA242952640078B0C5 /* Views */ = {
			isa = PBXGroup;
			children = (
				9CE9ABC624294E860078B0C5 /* EntryTableViewCell.swift */,
			);
			path = Views;
			sourceTree = "<group>";
		};
		9CE9ABCB2429526E0078B0C5 /* View Controllers */ = {
			isa = PBXGroup;
			children = (
				9CE9ABB424294C940078B0C5 /* EntryDetailViewController.swift */,
				9CE9ABC424294DF50078B0C5 /* EntriesTableViewController.swift */,
			);
			path = "View Controllers";
			sourceTree = "<group>";
		};
		9CE9ABCC242952830078B0C5 /* Models */ = {
			isa = PBXGroup;
			children = (
				9CE9ABCD2429528F0078B0C5 /* CoreDataStack.swift */,
				9CE9ABD2242954600078B0C5 /* Entries.xcdatamodeld */,
				9CE9ABD524295DB60078B0C5 /* Entry+Convenience.swift */,
			);
			path = Models;
			sourceTree = "<group>";
		};
		9CE9ABDA242963C10078B0C5 /* Model Controllers */ = {
			isa = PBXGroup;
			children = (
				9CE9ABDB242963D50078B0C5 /* EntryController.swift */,
			);
			path = "Model Controllers";
			sourceTree = "<group>";
		};
/* End PBXGroup section */

/* Begin PBXNativeTarget section */
		9CE9ABAC24294C940078B0C5 /* journal-coredata */ = {
			isa = PBXNativeTarget;
			buildConfigurationList = 9CE9ABC124294C960078B0C5 /* Build configuration list for PBXNativeTarget "journal-coredata" */;
			buildPhases = (
				9CE9ABA924294C940078B0C5 /* Sources */,
				9CE9ABAA24294C940078B0C5 /* Frameworks */,
				9CE9ABAB24294C940078B0C5 /* Resources */,
			);
			buildRules = (
			);
			dependencies = (
			);
			name = "journal-coredata";
			productName = "journal-coredata";
			productReference = 9CE9ABAD24294C940078B0C5 /* journal-coredata.app */;
			productType = "com.apple.product-type.application";
		};
/* End PBXNativeTarget section */

/* Begin PBXProject section */
		9CE9ABA524294C940078B0C5 /* Project object */ = {
			isa = PBXProject;
			attributes = {
				LastSwiftUpdateCheck = 1130;
				LastUpgradeCheck = 1130;
				ORGANIZATIONNAME = "Hector Ledesma";
				TargetAttributes = {
					9CE9ABAC24294C940078B0C5 = {
						CreatedOnToolsVersion = 11.3.1;
					};
				};
			};
			buildConfigurationList = 9CE9ABA824294C940078B0C5 /* Build configuration list for PBXProject "journal-coredata" */;
			compatibilityVersion = "Xcode 9.3";
			developmentRegion = en;
			hasScannedForEncodings = 0;
			knownRegions = (
				en,
				Base,
			);
			mainGroup = 9CE9ABA424294C940078B0C5;
			productRefGroup = 9CE9ABAE24294C940078B0C5 /* Products */;
			projectDirPath = "";
			projectRoot = "";
			targets = (
				9CE9ABAC24294C940078B0C5 /* journal-coredata */,
			);
		};
/* End PBXProject section */

/* Begin PBXResourcesBuildPhase section */
		9CE9ABAB24294C940078B0C5 /* Resources */ = {
			isa = PBXResourcesBuildPhase;
			buildActionMask = 2147483647;
			files = (
				9CE9ABBD24294C960078B0C5 /* LaunchScreen.storyboard in Resources */,
				9CE9ABBA24294C960078B0C5 /* Assets.xcassets in Resources */,
				9CE9ABB824294C940078B0C5 /* Main.storyboard in Resources */,
			);
			runOnlyForDeploymentPostprocessing = 0;
		};
/* End PBXResourcesBuildPhase section */

/* Begin PBXSourcesBuildPhase section */
		9CE9ABA924294C940078B0C5 /* Sources */ = {
			isa = PBXSourcesBuildPhase;
			buildActionMask = 2147483647;
			files = (
				9CE9ABC524294DF50078B0C5 /* EntriesTableViewController.swift in Sources */,
				9CE9ABC724294E860078B0C5 /* EntryTableViewCell.swift in Sources */,
				9CE9ABB524294C940078B0C5 /* EntryDetailViewController.swift in Sources */,
				9CE9ABDC242963D50078B0C5 /* EntryController.swift in Sources */,
				9CE9ABD4242954600078B0C5 /* Entries.xcdatamodeld in Sources */,
				9CE9ABD624295DB70078B0C5 /* Entry+Convenience.swift in Sources */,
				9CE9ABCE2429528F0078B0C5 /* CoreDataStack.swift in Sources */,
				9CE9ABB124294C940078B0C5 /* AppDelegate.swift in Sources */,
				9CE9ABB324294C940078B0C5 /* SceneDelegate.swift in Sources */,
			);
			runOnlyForDeploymentPostprocessing = 0;
		};
/* End PBXSourcesBuildPhase section */

/* Begin PBXVariantGroup section */
		9CE9ABB624294C940078B0C5 /* Main.storyboard */ = {
			isa = PBXVariantGroup;
			children = (
				9CE9ABB724294C940078B0C5 /* Base */,
			);
			name = Main.storyboard;
			sourceTree = "<group>";
		};
		9CE9ABBB24294C960078B0C5 /* LaunchScreen.storyboard */ = {
			isa = PBXVariantGroup;
			children = (
				9CE9ABBC24294C960078B0C5 /* Base */,
			);
			name = LaunchScreen.storyboard;
			sourceTree = "<group>";
		};
/* End PBXVariantGroup section */

/* Begin XCBuildConfiguration section */
		9CE9ABBF24294C960078B0C5 /* Debug */ = {
			isa = XCBuildConfiguration;
			buildSettings = {
				ALWAYS_SEARCH_USER_PATHS = NO;
				CLANG_ANALYZER_NONNULL = YES;
				CLANG_ANALYZER_NUMBER_OBJECT_CONVERSION = YES_AGGRESSIVE;
				CLANG_CXX_LANGUAGE_STANDARD = "gnu++14";
				CLANG_CXX_LIBRARY = "libc++";
				CLANG_ENABLE_MODULES = YES;
				CLANG_ENABLE_OBJC_ARC = YES;
				CLANG_ENABLE_OBJC_WEAK = YES;
				CLANG_WARN_BLOCK_CAPTURE_AUTORELEASING = YES;
				CLANG_WARN_BOOL_CONVERSION = YES;
				CLANG_WARN_COMMA = YES;
				CLANG_WARN_CONSTANT_CONVERSION = YES;
				CLANG_WARN_DEPRECATED_OBJC_IMPLEMENTATIONS = YES;
				CLANG_WARN_DIRECT_OBJC_ISA_USAGE = YES_ERROR;
				CLANG_WARN_DOCUMENTATION_COMMENTS = YES;
				CLANG_WARN_EMPTY_BODY = YES;
				CLANG_WARN_ENUM_CONVERSION = YES;
				CLANG_WARN_INFINITE_RECURSION = YES;
				CLANG_WARN_INT_CONVERSION = YES;
				CLANG_WARN_NON_LITERAL_NULL_CONVERSION = YES;
				CLANG_WARN_OBJC_IMPLICIT_RETAIN_SELF = YES;
				CLANG_WARN_OBJC_LITERAL_CONVERSION = YES;
				CLANG_WARN_OBJC_ROOT_CLASS = YES_ERROR;
				CLANG_WARN_RANGE_LOOP_ANALYSIS = YES;
				CLANG_WARN_STRICT_PROTOTYPES = YES;
				CLANG_WARN_SUSPICIOUS_MOVE = YES;
				CLANG_WARN_UNGUARDED_AVAILABILITY = YES_AGGRESSIVE;
				CLANG_WARN_UNREACHABLE_CODE = YES;
				CLANG_WARN__DUPLICATE_METHOD_MATCH = YES;
				COPY_PHASE_STRIP = NO;
				DEBUG_INFORMATION_FORMAT = dwarf;
				ENABLE_STRICT_OBJC_MSGSEND = YES;
				ENABLE_TESTABILITY = YES;
				GCC_C_LANGUAGE_STANDARD = gnu11;
				GCC_DYNAMIC_NO_PIC = NO;
				GCC_NO_COMMON_BLOCKS = YES;
				GCC_OPTIMIZATION_LEVEL = 0;
				GCC_PREPROCESSOR_DEFINITIONS = (
					"DEBUG=1",
					"$(inherited)",
				);
				GCC_WARN_64_TO_32_BIT_CONVERSION = YES;
				GCC_WARN_ABOUT_RETURN_TYPE = YES_ERROR;
				GCC_WARN_UNDECLARED_SELECTOR = YES;
				GCC_WARN_UNINITIALIZED_AUTOS = YES_AGGRESSIVE;
				GCC_WARN_UNUSED_FUNCTION = YES;
				GCC_WARN_UNUSED_VARIABLE = YES;
				IPHONEOS_DEPLOYMENT_TARGET = 13.2;
				MTL_ENABLE_DEBUG_INFO = INCLUDE_SOURCE;
				MTL_FAST_MATH = YES;
				ONLY_ACTIVE_ARCH = YES;
				SDKROOT = iphoneos;
				SWIFT_ACTIVE_COMPILATION_CONDITIONS = DEBUG;
				SWIFT_OPTIMIZATION_LEVEL = "-Onone";
			};
			name = Debug;
		};
		9CE9ABC024294C960078B0C5 /* Release */ = {
			isa = XCBuildConfiguration;
			buildSettings = {
				ALWAYS_SEARCH_USER_PATHS = NO;
				CLANG_ANALYZER_NONNULL = YES;
				CLANG_ANALYZER_NUMBER_OBJECT_CONVERSION = YES_AGGRESSIVE;
				CLANG_CXX_LANGUAGE_STANDARD = "gnu++14";
				CLANG_CXX_LIBRARY = "libc++";
				CLANG_ENABLE_MODULES = YES;
				CLANG_ENABLE_OBJC_ARC = YES;
				CLANG_ENABLE_OBJC_WEAK = YES;
				CLANG_WARN_BLOCK_CAPTURE_AUTORELEASING = YES;
				CLANG_WARN_BOOL_CONVERSION = YES;
				CLANG_WARN_COMMA = YES;
				CLANG_WARN_CONSTANT_CONVERSION = YES;
				CLANG_WARN_DEPRECATED_OBJC_IMPLEMENTATIONS = YES;
				CLANG_WARN_DIRECT_OBJC_ISA_USAGE = YES_ERROR;
				CLANG_WARN_DOCUMENTATION_COMMENTS = YES;
				CLANG_WARN_EMPTY_BODY = YES;
				CLANG_WARN_ENUM_CONVERSION = YES;
				CLANG_WARN_INFINITE_RECURSION = YES;
				CLANG_WARN_INT_CONVERSION = YES;
				CLANG_WARN_NON_LITERAL_NULL_CONVERSION = YES;
				CLANG_WARN_OBJC_IMPLICIT_RETAIN_SELF = YES;
				CLANG_WARN_OBJC_LITERAL_CONVERSION = YES;
				CLANG_WARN_OBJC_ROOT_CLASS = YES_ERROR;
				CLANG_WARN_RANGE_LOOP_ANALYSIS = YES;
				CLANG_WARN_STRICT_PROTOTYPES = YES;
				CLANG_WARN_SUSPICIOUS_MOVE = YES;
				CLANG_WARN_UNGUARDED_AVAILABILITY = YES_AGGRESSIVE;
				CLANG_WARN_UNREACHABLE_CODE = YES;
				CLANG_WARN__DUPLICATE_METHOD_MATCH = YES;
				COPY_PHASE_STRIP = NO;
				DEBUG_INFORMATION_FORMAT = "dwarf-with-dsym";
				ENABLE_NS_ASSERTIONS = NO;
				ENABLE_STRICT_OBJC_MSGSEND = YES;
				GCC_C_LANGUAGE_STANDARD = gnu11;
				GCC_NO_COMMON_BLOCKS = YES;
				GCC_WARN_64_TO_32_BIT_CONVERSION = YES;
				GCC_WARN_ABOUT_RETURN_TYPE = YES_ERROR;
				GCC_WARN_UNDECLARED_SELECTOR = YES;
				GCC_WARN_UNINITIALIZED_AUTOS = YES_AGGRESSIVE;
				GCC_WARN_UNUSED_FUNCTION = YES;
				GCC_WARN_UNUSED_VARIABLE = YES;
				IPHONEOS_DEPLOYMENT_TARGET = 13.2;
				MTL_ENABLE_DEBUG_INFO = NO;
				MTL_FAST_MATH = YES;
				SDKROOT = iphoneos;
				SWIFT_COMPILATION_MODE = wholemodule;
				SWIFT_OPTIMIZATION_LEVEL = "-O";
				VALIDATE_PRODUCT = YES;
			};
			name = Release;
		};
		9CE9ABC224294C960078B0C5 /* Debug */ = {
			isa = XCBuildConfiguration;
			buildSettings = {
				ASSETCATALOG_COMPILER_APPICON_NAME = AppIcon;
				CODE_SIGN_STYLE = Automatic;
				INFOPLIST_FILE = "journal-coredata/Info.plist";
				LD_RUNPATH_SEARCH_PATHS = (
					"$(inherited)",
					"@executable_path/Frameworks",
				);
				PRODUCT_BUNDLE_IDENTIFIER = "com.hectorledesma.journal-coredata";
				PRODUCT_NAME = "$(TARGET_NAME)";
				SWIFT_VERSION = 5.0;
				TARGETED_DEVICE_FAMILY = "1,2";
			};
			name = Debug;
		};
		9CE9ABC324294C960078B0C5 /* Release */ = {
			isa = XCBuildConfiguration;
			buildSettings = {
				ASSETCATALOG_COMPILER_APPICON_NAME = AppIcon;
				CODE_SIGN_STYLE = Automatic;
				INFOPLIST_FILE = "journal-coredata/Info.plist";
				LD_RUNPATH_SEARCH_PATHS = (
					"$(inherited)",
					"@executable_path/Frameworks",
				);
				PRODUCT_BUNDLE_IDENTIFIER = "com.hectorledesma.journal-coredata";
				PRODUCT_NAME = "$(TARGET_NAME)";
				SWIFT_VERSION = 5.0;
				TARGETED_DEVICE_FAMILY = "1,2";
			};
			name = Release;
		};
/* End XCBuildConfiguration section */

/* Begin XCConfigurationList section */
		9CE9ABA824294C940078B0C5 /* Build configuration list for PBXProject "journal-coredata" */ = {
			isa = XCConfigurationList;
			buildConfigurations = (
				9CE9ABBF24294C960078B0C5 /* Debug */,
				9CE9ABC024294C960078B0C5 /* Release */,
			);
			defaultConfigurationIsVisible = 0;
			defaultConfigurationName = Release;
		};
		9CE9ABC124294C960078B0C5 /* Build configuration list for PBXNativeTarget "journal-coredata" */ = {
			isa = XCConfigurationList;
			buildConfigurations = (
				9CE9ABC224294C960078B0C5 /* Debug */,
				9CE9ABC324294C960078B0C5 /* Release */,
			);
			defaultConfigurationIsVisible = 0;
			defaultConfigurationName = Release;
		};
/* End XCConfigurationList section */

/* Begin XCVersionGroup section */
		9CE9ABD2242954600078B0C5 /* Entries.xcdatamodeld */ = {
			isa = XCVersionGroup;
			children = (
				9C5A81C0242AA3C800821DBB /* Entries 2.xcdatamodel */,
				9CE9ABD3242954600078B0C5 /* Entries.xcdatamodel */,
			);
			currentVersion = 9CE9ABD3242954600078B0C5 /* Entries.xcdatamodel */;
			path = Entries.xcdatamodeld;
			sourceTree = "<group>";
			versionGroupType = wrapper.xcdatamodel;
		};
/* End XCVersionGroup section */
	};
	rootObject = 9CE9ABA524294C940078B0C5 /* Project object */;
}
