// !$*UTF8*$!
{
	archiveVersion = 1;
	classes = {
	};
	objectVersion = 50;
	objects = {

/* Begin PBXBuildFile section */
		F6D2EC3022E66BAC004AC582 /* AppDelegate.swift in Sources */ = {isa = PBXBuildFile; fileRef = F6D2EC2F22E66BAC004AC582 /* AppDelegate.swift */; };
		F6D2EC3222E66BAC004AC582 /* ViewController.swift in Sources */ = {isa = PBXBuildFile; fileRef = F6D2EC3122E66BAC004AC582 /* ViewController.swift */; };
		F6D2EC3522E66BAC004AC582 /* Main.storyboard in Resources */ = {isa = PBXBuildFile; fileRef = F6D2EC3322E66BAC004AC582 /* Main.storyboard */; };
		F6D2EC3722E66BAD004AC582 /* Assets.xcassets in Resources */ = {isa = PBXBuildFile; fileRef = F6D2EC3622E66BAD004AC582 /* Assets.xcassets */; };
		F6D2EC3A22E66BAD004AC582 /* LaunchScreen.storyboard in Resources */ = {isa = PBXBuildFile; fileRef = F6D2EC3822E66BAD004AC582 /* LaunchScreen.storyboard */; };
		F6D2EC4522E66D77004AC582 /* EntriesTableViewController.swift in Sources */ = {isa = PBXBuildFile; fileRef = F6D2EC4422E66D77004AC582 /* EntriesTableViewController.swift */; };
		F6D2EC4722E66E67004AC582 /* EntryTableViewCell.swift in Sources */ = {isa = PBXBuildFile; fileRef = F6D2EC4622E66E67004AC582 /* EntryTableViewCell.swift */; };
		F6D2EC4922E6704A004AC582 /* EntryDetailViewController.swift in Sources */ = {isa = PBXBuildFile; fileRef = F6D2EC4822E6704A004AC582 /* EntryDetailViewController.swift */; };
		F6D2EC4F22E6741D004AC582 /* Entry.xcdatamodeld in Sources */ = {isa = PBXBuildFile; fileRef = F6D2EC4D22E6741D004AC582 /* Entry.xcdatamodeld */; };
		F6D2EC5122E674E6004AC582 /* Entry+Convienience.swift in Sources */ = {isa = PBXBuildFile; fileRef = F6D2EC5022E674E6004AC582 /* Entry+Convienience.swift */; };
		F6D2EC5322E676B4004AC582 /* CoreDataStack.swift in Sources */ = {isa = PBXBuildFile; fileRef = F6D2EC5222E676B4004AC582 /* CoreDataStack.swift */; };
		F6D2EC5522E67764004AC582 /* EntryController.swift in Sources */ = {isa = PBXBuildFile; fileRef = F6D2EC5422E67764004AC582 /* EntryController.swift */; };
		F6DF3CC122E9049600B447A0 /* EntryRepresentation.swift in Sources */ = {isa = PBXBuildFile; fileRef = F6DF3CC022E9049600B447A0 /* EntryRepresentation.swift */; };
/* End PBXBuildFile section */

/* Begin PBXFileReference section */
		F6D2EC2C22E66BAC004AC582 /* Journal (CoreData).app */ = {isa = PBXFileReference; explicitFileType = wrapper.application; includeInIndex = 0; path = "Journal (CoreData).app"; sourceTree = BUILT_PRODUCTS_DIR; };
		F6D2EC2F22E66BAC004AC582 /* AppDelegate.swift */ = {isa = PBXFileReference; lastKnownFileType = sourcecode.swift; path = AppDelegate.swift; sourceTree = "<group>"; };
		F6D2EC3122E66BAC004AC582 /* ViewController.swift */ = {isa = PBXFileReference; lastKnownFileType = sourcecode.swift; path = ViewController.swift; sourceTree = "<group>"; };
		F6D2EC3422E66BAC004AC582 /* Base */ = {isa = PBXFileReference; lastKnownFileType = file.storyboard; name = Base; path = Base.lproj/Main.storyboard; sourceTree = "<group>"; };
		F6D2EC3622E66BAD004AC582 /* Assets.xcassets */ = {isa = PBXFileReference; lastKnownFileType = folder.assetcatalog; path = Assets.xcassets; sourceTree = "<group>"; };
		F6D2EC3922E66BAD004AC582 /* Base */ = {isa = PBXFileReference; lastKnownFileType = file.storyboard; name = Base; path = Base.lproj/LaunchScreen.storyboard; sourceTree = "<group>"; };
		F6D2EC3B22E66BAD004AC582 /* Info.plist */ = {isa = PBXFileReference; lastKnownFileType = text.plist.xml; path = Info.plist; sourceTree = "<group>"; };
		F6D2EC4422E66D77004AC582 /* EntriesTableViewController.swift */ = {isa = PBXFileReference; lastKnownFileType = sourcecode.swift; path = EntriesTableViewController.swift; sourceTree = "<group>"; };
		F6D2EC4622E66E67004AC582 /* EntryTableViewCell.swift */ = {isa = PBXFileReference; lastKnownFileType = sourcecode.swift; path = EntryTableViewCell.swift; sourceTree = "<group>"; };
		F6D2EC4822E6704A004AC582 /* EntryDetailViewController.swift */ = {isa = PBXFileReference; lastKnownFileType = sourcecode.swift; path = EntryDetailViewController.swift; sourceTree = "<group>"; };
		F6D2EC4E22E6741D004AC582 /* Entry.xcdatamodel */ = {isa = PBXFileReference; lastKnownFileType = wrapper.xcdatamodel; path = Entry.xcdatamodel; sourceTree = "<group>"; };
		F6D2EC5022E674E6004AC582 /* Entry+Convienience.swift */ = {isa = PBXFileReference; lastKnownFileType = sourcecode.swift; path = "Entry+Convienience.swift"; sourceTree = "<group>"; };
		F6D2EC5222E676B4004AC582 /* CoreDataStack.swift */ = {isa = PBXFileReference; lastKnownFileType = sourcecode.swift; path = CoreDataStack.swift; sourceTree = "<group>"; };
		F6D2EC5422E67764004AC582 /* EntryController.swift */ = {isa = PBXFileReference; lastKnownFileType = sourcecode.swift; path = EntryController.swift; sourceTree = "<group>"; };
		F6D2EC5922E7AADC004AC582 /* Entry 2.xcdatamodel */ = {isa = PBXFileReference; lastKnownFileType = wrapper.xcdatamodel; path = "Entry 2.xcdatamodel"; sourceTree = "<group>"; };
		F6DF3CC022E9049600B447A0 /* EntryRepresentation.swift */ = {isa = PBXFileReference; lastKnownFileType = sourcecode.swift; path = EntryRepresentation.swift; sourceTree = "<group>"; };
/* End PBXFileReference section */

/* Begin PBXFrameworksBuildPhase section */
		F6D2EC2922E66BAC004AC582 /* Frameworks */ = {
			isa = PBXFrameworksBuildPhase;
			buildActionMask = 2147483647;
			files = (
			);
			runOnlyForDeploymentPostprocessing = 0;
		};
/* End PBXFrameworksBuildPhase section */

/* Begin PBXGroup section */
		F6D2EC2322E66BAC004AC582 = {
			isa = PBXGroup;
			children = (
				F6D2EC2E22E66BAC004AC582 /* Journal (CoreData) */,
				F6D2EC2D22E66BAC004AC582 /* Products */,
			);
			sourceTree = "<group>";
		};
		F6D2EC2D22E66BAC004AC582 /* Products */ = {
			isa = PBXGroup;
			children = (
				F6D2EC2C22E66BAC004AC582 /* Journal (CoreData).app */,
			);
			name = Products;
			sourceTree = "<group>";
		};
		F6D2EC2E22E66BAC004AC582 /* Journal (CoreData) */ = {
			isa = PBXGroup;
			children = (
				F6D2EC4A22E670EE004AC582 /* CoreData */,
				F6D2EC4322E66D5E004AC582 /* Controllers */,
				F6D2EC4222E66D50004AC582 /* View Controller */,
				F6D2EC4122E66D45004AC582 /* Model */,
				F6D2EC2F22E66BAC004AC582 /* AppDelegate.swift */,
				F6D2EC3122E66BAC004AC582 /* ViewController.swift */,
				F6D2EC3322E66BAC004AC582 /* Main.storyboard */,
				F6D2EC3622E66BAD004AC582 /* Assets.xcassets */,
				F6D2EC3822E66BAD004AC582 /* LaunchScreen.storyboard */,
				F6D2EC3B22E66BAD004AC582 /* Info.plist */,
			);
			path = "Journal (CoreData)";
			sourceTree = "<group>";
		};
		F6D2EC4122E66D45004AC582 /* Model */ = {
			isa = PBXGroup;
			children = (
			);
			path = Model;
			sourceTree = "<group>";
		};
		F6D2EC4222E66D50004AC582 /* View Controller */ = {
			isa = PBXGroup;
			children = (
				F6D2EC4422E66D77004AC582 /* EntriesTableViewController.swift */,
				F6D2EC4622E66E67004AC582 /* EntryTableViewCell.swift */,
				F6D2EC4822E6704A004AC582 /* EntryDetailViewController.swift */,
			);
			path = "View Controller";
			sourceTree = "<group>";
		};
		F6D2EC4322E66D5E004AC582 /* Controllers */ = {
			isa = PBXGroup;
			children = (
				F6D2EC5422E67764004AC582 /* EntryController.swift */,
			);
			path = Controllers;
			sourceTree = "<group>";
		};
		F6D2EC4A22E670EE004AC582 /* CoreData */ = {
			isa = PBXGroup;
			children = (
				F6D2EC4D22E6741D004AC582 /* Entry.xcdatamodeld */,
				F6DF3CC022E9049600B447A0 /* EntryRepresentation.swift */,
				F6D2EC5022E674E6004AC582 /* Entry+Convienience.swift */,
				F6D2EC5222E676B4004AC582 /* CoreDataStack.swift */,
			);
			path = CoreData;
			sourceTree = "<group>";
		};
/* End PBXGroup section */

/* Begin PBXNativeTarget section */
		F6D2EC2B22E66BAC004AC582 /* Journal (CoreData) */ = {
			isa = PBXNativeTarget;
			buildConfigurationList = F6D2EC3E22E66BAD004AC582 /* Build configuration list for PBXNativeTarget "Journal (CoreData)" */;
			buildPhases = (
				F6D2EC2822E66BAC004AC582 /* Sources */,
				F6D2EC2922E66BAC004AC582 /* Frameworks */,
				F6D2EC2A22E66BAC004AC582 /* Resources */,
			);
			buildRules = (
			);
			dependencies = (
			);
			name = "Journal (CoreData)";
			productName = "Journal (CoreData)";
			productReference = F6D2EC2C22E66BAC004AC582 /* Journal (CoreData).app */;
			productType = "com.apple.product-type.application";
		};
/* End PBXNativeTarget section */

/* Begin PBXProject section */
		F6D2EC2422E66BAC004AC582 /* Project object */ = {
			isa = PBXProject;
			attributes = {
				LastSwiftUpdateCheck = 1020;
				LastUpgradeCheck = 1020;
				ORGANIZATIONNAME = "Nate Hedgeman";
				TargetAttributes = {
					F6D2EC2B22E66BAC004AC582 = {
						CreatedOnToolsVersion = 10.2.1;
					};
				};
			};
			buildConfigurationList = F6D2EC2722E66BAC004AC582 /* Build configuration list for PBXProject "Journal (CoreData)" */;
			compatibilityVersion = "Xcode 9.3";
			developmentRegion = en;
			hasScannedForEncodings = 0;
			knownRegions = (
				en,
				Base,
			);
			mainGroup = F6D2EC2322E66BAC004AC582;
			productRefGroup = F6D2EC2D22E66BAC004AC582 /* Products */;
			projectDirPath = "";
			projectRoot = "";
			targets = (
				F6D2EC2B22E66BAC004AC582 /* Journal (CoreData) */,
			);
		};
/* End PBXProject section */

/* Begin PBXResourcesBuildPhase section */
		F6D2EC2A22E66BAC004AC582 /* Resources */ = {
			isa = PBXResourcesBuildPhase;
			buildActionMask = 2147483647;
			files = (
				F6D2EC3A22E66BAD004AC582 /* LaunchScreen.storyboard in Resources */,
				F6D2EC3722E66BAD004AC582 /* Assets.xcassets in Resources */,
				F6D2EC3522E66BAC004AC582 /* Main.storyboard in Resources */,
			);
			runOnlyForDeploymentPostprocessing = 0;
		};
/* End PBXResourcesBuildPhase section */

/* Begin PBXSourcesBuildPhase section */
		F6D2EC2822E66BAC004AC582 /* Sources */ = {
			isa = PBXSourcesBuildPhase;
			buildActionMask = 2147483647;
			files = (
				F6D2EC5122E674E6004AC582 /* Entry+Convienience.swift in Sources */,
				F6DF3CC122E9049600B447A0 /* EntryRepresentation.swift in Sources */,
				F6D2EC4F22E6741D004AC582 /* Entry.xcdatamodeld in Sources */,
				F6D2EC4722E66E67004AC582 /* EntryTableViewCell.swift in Sources */,
				F6D2EC5522E67764004AC582 /* EntryController.swift in Sources */,
				F6D2EC4522E66D77004AC582 /* EntriesTableViewController.swift in Sources */,
				F6D2EC3222E66BAC004AC582 /* ViewController.swift in Sources */,
				F6D2EC4922E6704A004AC582 /* EntryDetailViewController.swift in Sources */,
				F6D2EC3022E66BAC004AC582 /* AppDelegate.swift in Sources */,
				F6D2EC5322E676B4004AC582 /* CoreDataStack.swift in Sources */,
			);
			runOnlyForDeploymentPostprocessing = 0;
		};
/* End PBXSourcesBuildPhase section */

/* Begin PBXVariantGroup section */
		F6D2EC3322E66BAC004AC582 /* Main.storyboard */ = {
			isa = PBXVariantGroup;
			children = (
				F6D2EC3422E66BAC004AC582 /* Base */,
			);
			name = Main.storyboard;
			sourceTree = "<group>";
		};
		F6D2EC3822E66BAD004AC582 /* LaunchScreen.storyboard */ = {
			isa = PBXVariantGroup;
			children = (
				F6D2EC3922E66BAD004AC582 /* Base */,
			);
			name = LaunchScreen.storyboard;
			sourceTree = "<group>";
		};
/* End PBXVariantGroup section */

/* Begin XCBuildConfiguration section */
		F6D2EC3C22E66BAD004AC582 /* Debug */ = {
			isa = XCBuildConfiguration;
			buildSettings = {
				ALWAYS_SEARCH_USER_PATHS = NO;
				CLANG_ANALYZER_NONNULL = YES;
				CLANG_ANALYZER_NUMBER_OBJECT_CONVERSION = YES_AGGRESSIVE;
				CLANG_CXX_LANGUAGE_STANDARD = "gnu++14";
				CLANG_CXX_LIBRARY = "libc++";
				CLANG_ENABLE_MODULES = YES;
				CLANG_ENABLE_OBJC_ARC = YES;
				CLANG_ENABLE_OBJC_WEAK = YES;
				CLANG_WARN_BLOCK_CAPTURE_AUTORELEASING = YES;
				CLANG_WARN_BOOL_CONVERSION = YES;
				CLANG_WARN_COMMA = YES;
				CLANG_WARN_CONSTANT_CONVERSION = YES;
				CLANG_WARN_DEPRECATED_OBJC_IMPLEMENTATIONS = YES;
				CLANG_WARN_DIRECT_OBJC_ISA_USAGE = YES_ERROR;
				CLANG_WARN_DOCUMENTATION_COMMENTS = YES;
				CLANG_WARN_EMPTY_BODY = YES;
				CLANG_WARN_ENUM_CONVERSION = YES;
				CLANG_WARN_INFINITE_RECURSION = YES;
				CLANG_WARN_INT_CONVERSION = YES;
				CLANG_WARN_NON_LITERAL_NULL_CONVERSION = YES;
				CLANG_WARN_OBJC_IMPLICIT_RETAIN_SELF = YES;
				CLANG_WARN_OBJC_LITERAL_CONVERSION = YES;
				CLANG_WARN_OBJC_ROOT_CLASS = YES_ERROR;
				CLANG_WARN_RANGE_LOOP_ANALYSIS = YES;
				CLANG_WARN_STRICT_PROTOTYPES = YES;
				CLANG_WARN_SUSPICIOUS_MOVE = YES;
				CLANG_WARN_UNGUARDED_AVAILABILITY = YES_AGGRESSIVE;
				CLANG_WARN_UNREACHABLE_CODE = YES;
				CLANG_WARN__DUPLICATE_METHOD_MATCH = YES;
				CODE_SIGN_IDENTITY = "iPhone Developer";
				COPY_PHASE_STRIP = NO;
				DEBUG_INFORMATION_FORMAT = dwarf;
				ENABLE_STRICT_OBJC_MSGSEND = YES;
				ENABLE_TESTABILITY = YES;
				GCC_C_LANGUAGE_STANDARD = gnu11;
				GCC_DYNAMIC_NO_PIC = NO;
				GCC_NO_COMMON_BLOCKS = YES;
				GCC_OPTIMIZATION_LEVEL = 0;
				GCC_PREPROCESSOR_DEFINITIONS = (
					"DEBUG=1",
					"$(inherited)",
				);
				GCC_WARN_64_TO_32_BIT_CONVERSION = YES;
				GCC_WARN_ABOUT_RETURN_TYPE = YES_ERROR;
				GCC_WARN_UNDECLARED_SELECTOR = YES;
				GCC_WARN_UNINITIALIZED_AUTOS = YES_AGGRESSIVE;
				GCC_WARN_UNUSED_FUNCTION = YES;
				GCC_WARN_UNUSED_VARIABLE = YES;
				IPHONEOS_DEPLOYMENT_TARGET = 12.2;
				MTL_ENABLE_DEBUG_INFO = INCLUDE_SOURCE;
				MTL_FAST_MATH = YES;
				ONLY_ACTIVE_ARCH = YES;
				SDKROOT = iphoneos;
				SWIFT_ACTIVE_COMPILATION_CONDITIONS = DEBUG;
				SWIFT_OPTIMIZATION_LEVEL = "-Onone";
			};
			name = Debug;
		};
		F6D2EC3D22E66BAD004AC582 /* Release */ = {
			isa = XCBuildConfiguration;
			buildSettings = {
				ALWAYS_SEARCH_USER_PATHS = NO;
				CLANG_ANALYZER_NONNULL = YES;
				CLANG_ANALYZER_NUMBER_OBJECT_CONVERSION = YES_AGGRESSIVE;
				CLANG_CXX_LANGUAGE_STANDARD = "gnu++14";
				CLANG_CXX_LIBRARY = "libc++";
				CLANG_ENABLE_MODULES = YES;
				CLANG_ENABLE_OBJC_ARC = YES;
				CLANG_ENABLE_OBJC_WEAK = YES;
				CLANG_WARN_BLOCK_CAPTURE_AUTORELEASING = YES;
				CLANG_WARN_BOOL_CONVERSION = YES;
				CLANG_WARN_COMMA = YES;
				CLANG_WARN_CONSTANT_CONVERSION = YES;
				CLANG_WARN_DEPRECATED_OBJC_IMPLEMENTATIONS = YES;
				CLANG_WARN_DIRECT_OBJC_ISA_USAGE = YES_ERROR;
				CLANG_WARN_DOCUMENTATION_COMMENTS = YES;
				CLANG_WARN_EMPTY_BODY = YES;
				CLANG_WARN_ENUM_CONVERSION = YES;
				CLANG_WARN_INFINITE_RECURSION = YES;
				CLANG_WARN_INT_CONVERSION = YES;
				CLANG_WARN_NON_LITERAL_NULL_CONVERSION = YES;
				CLANG_WARN_OBJC_IMPLICIT_RETAIN_SELF = YES;
				CLANG_WARN_OBJC_LITERAL_CONVERSION = YES;
				CLANG_WARN_OBJC_ROOT_CLASS = YES_ERROR;
				CLANG_WARN_RANGE_LOOP_ANALYSIS = YES;
				CLANG_WARN_STRICT_PROTOTYPES = YES;
				CLANG_WARN_SUSPICIOUS_MOVE = YES;
				CLANG_WARN_UNGUARDED_AVAILABILITY = YES_AGGRESSIVE;
				CLANG_WARN_UNREACHABLE_CODE = YES;
				CLANG_WARN__DUPLICATE_METHOD_MATCH = YES;
				CODE_SIGN_IDENTITY = "iPhone Developer";
				COPY_PHASE_STRIP = NO;
				DEBUG_INFORMATION_FORMAT = "dwarf-with-dsym";
				ENABLE_NS_ASSERTIONS = NO;
				ENABLE_STRICT_OBJC_MSGSEND = YES;
				GCC_C_LANGUAGE_STANDARD = gnu11;
				GCC_NO_COMMON_BLOCKS = YES;
				GCC_WARN_64_TO_32_BIT_CONVERSION = YES;
				GCC_WARN_ABOUT_RETURN_TYPE = YES_ERROR;
				GCC_WARN_UNDECLARED_SELECTOR = YES;
				GCC_WARN_UNINITIALIZED_AUTOS = YES_AGGRESSIVE;
				GCC_WARN_UNUSED_FUNCTION = YES;
				GCC_WARN_UNUSED_VARIABLE = YES;
				IPHONEOS_DEPLOYMENT_TARGET = 12.2;
				MTL_ENABLE_DEBUG_INFO = NO;
				MTL_FAST_MATH = YES;
				SDKROOT = iphoneos;
				SWIFT_COMPILATION_MODE = wholemodule;
				SWIFT_OPTIMIZATION_LEVEL = "-O";
				VALIDATE_PRODUCT = YES;
			};
			name = Release;
		};
		F6D2EC3F22E66BAD004AC582 /* Debug */ = {
			isa = XCBuildConfiguration;
			buildSettings = {
				ASSETCATALOG_COMPILER_APPICON_NAME = AppIcon;
				CODE_SIGN_STYLE = Automatic;
				DEVELOPMENT_TEAM = 8492LT54LT;
				INFOPLIST_FILE = "Journal (CoreData)/Info.plist";
				LD_RUNPATH_SEARCH_PATHS = (
					"$(inherited)",
					"@executable_path/Frameworks",
				);
				PRODUCT_BUNDLE_IDENTIFIER = "com.natehedgeman.Journal--CoreData-";
				PRODUCT_NAME = "$(TARGET_NAME)";
				SWIFT_VERSION = 5.0;
				TARGETED_DEVICE_FAMILY = "1,2";
			};
			name = Debug;
		};
		F6D2EC4022E66BAD004AC582 /* Release */ = {
			isa = XCBuildConfiguration;
			buildSettings = {
				ASSETCATALOG_COMPILER_APPICON_NAME = AppIcon;
				CODE_SIGN_STYLE = Automatic;
				DEVELOPMENT_TEAM = 8492LT54LT;
				INFOPLIST_FILE = "Journal (CoreData)/Info.plist";
				LD_RUNPATH_SEARCH_PATHS = (
					"$(inherited)",
					"@executable_path/Frameworks",
				);
				PRODUCT_BUNDLE_IDENTIFIER = "com.natehedgeman.Journal--CoreData-";
				PRODUCT_NAME = "$(TARGET_NAME)";
				SWIFT_VERSION = 5.0;
				TARGETED_DEVICE_FAMILY = "1,2";
			};
			name = Release;
		};
/* End XCBuildConfiguration section */

/* Begin XCConfigurationList section */
		F6D2EC2722E66BAC004AC582 /* Build configuration list for PBXProject "Journal (CoreData)" */ = {
			isa = XCConfigurationList;
			buildConfigurations = (
				F6D2EC3C22E66BAD004AC582 /* Debug */,
				F6D2EC3D22E66BAD004AC582 /* Release */,
			);
			defaultConfigurationIsVisible = 0;
			defaultConfigurationName = Release;
		};
		F6D2EC3E22E66BAD004AC582 /* Build configuration list for PBXNativeTarget "Journal (CoreData)" */ = {
			isa = XCConfigurationList;
			buildConfigurations = (
				F6D2EC3F22E66BAD004AC582 /* Debug */,
				F6D2EC4022E66BAD004AC582 /* Release */,
			);
			defaultConfigurationIsVisible = 0;
			defaultConfigurationName = Release;
		};
/* End XCConfigurationList section */

/* Begin XCVersionGroup section */
		F6D2EC4D22E6741D004AC582 /* Entry.xcdatamodeld */ = {
			isa = XCVersionGroup;
			children = (
				F6D2EC5922E7AADC004AC582 /* Entry 2.xcdatamodel */,
				F6D2EC4E22E6741D004AC582 /* Entry.xcdatamodel */,
			);
			currentVersion = F6D2EC5922E7AADC004AC582 /* Entry 2.xcdatamodel */;
			path = Entry.xcdatamodeld;
			sourceTree = "<group>";
			versionGroupType = wrapper.xcdatamodel;
		};
/* End XCVersionGroup section */
	};
	rootObject = F6D2EC2422E66BAC004AC582 /* Project object */;
}
